// !$*UTF8*$!
{
	archiveVersion = 1;
	classes = {
	};
	objectVersion = 56;
	objects = {

/* Begin PBXBuildFile section */
		3C1D20C42A8501CD004D9D4E /* View+Extension.swift in Sources */ = {isa = PBXBuildFile; fileRef = 3C1D20C32A8501CD004D9D4E /* View+Extension.swift */; };
		3C1D20C62A85020D004D9D4E /* TextModifier.swift in Sources */ = {isa = PBXBuildFile; fileRef = 3C1D20C52A85020D004D9D4E /* TextModifier.swift */; };
		3C1D20C82A85022D004D9D4E /* ShadowModifier.swift in Sources */ = {isa = PBXBuildFile; fileRef = 3C1D20C72A85022D004D9D4E /* ShadowModifier.swift */; };
		3C1D20CA2A850282004D9D4E /* MainButton.swift in Sources */ = {isa = PBXBuildFile; fileRef = 3C1D20C92A850282004D9D4E /* MainButton.swift */; };
		3C1D20CC2A850315004D9D4E /* MainHelpButton.swift in Sources */ = {isa = PBXBuildFile; fileRef = 3C1D20CB2A850315004D9D4E /* MainHelpButton.swift */; };
		3C1D20CE2A850333004D9D4E /* SettingsButton.swift in Sources */ = {isa = PBXBuildFile; fileRef = 3C1D20CD2A850333004D9D4E /* SettingsButton.swift */; };
		3C1D20D22A850487004D9D4E /* RoundedDivider.swift in Sources */ = {isa = PBXBuildFile; fileRef = 3C1D20D12A850487004D9D4E /* RoundedDivider.swift */; };
		3C1D20D62A8505AD004D9D4E /* RuleRow.swift in Sources */ = {isa = PBXBuildFile; fileRef = 3C1D20D52A8505AD004D9D4E /* RuleRow.swift */; };
		3C1D20D82A8506AE004D9D4E /* Rule.swift in Sources */ = {isa = PBXBuildFile; fileRef = 3C1D20D72A8506AE004D9D4E /* Rule.swift */; };
		3C1D20DA2A851333004D9D4E /* Melody.swift in Sources */ = {isa = PBXBuildFile; fileRef = 3C1D20D92A851333004D9D4E /* Melody.swift */; };
		3C1D20DC2A851350004D9D4E /* SoundPickerView.swift in Sources */ = {isa = PBXBuildFile; fileRef = 3C1D20DB2A851350004D9D4E /* SoundPickerView.swift */; };
		3C1D20DE2A851CC2004D9D4E /* ToggleSectionView.swift in Sources */ = {isa = PBXBuildFile; fileRef = 3C1D20DD2A851CC2004D9D4E /* ToggleSectionView.swift */; };
		3C1D20E02A851D07004D9D4E /* ButtonSectionModifier.swift in Sources */ = {isa = PBXBuildFile; fileRef = 3C1D20DF2A851D07004D9D4E /* ButtonSectionModifier.swift */; };
		3C1D20E22A851D2B004D9D4E /* ButtonLabelView.swift in Sources */ = {isa = PBXBuildFile; fileRef = 3C1D20E12A851D2B004D9D4E /* ButtonLabelView.swift */; };
		3C1D20E42A851D49004D9D4E /* SettingsTimeTitle.swift in Sources */ = {isa = PBXBuildFile; fileRef = 3C1D20E32A851D49004D9D4E /* SettingsTimeTitle.swift */; };
		3C1D20E62A851D65004D9D4E /* SettingsHeaderView.swift in Sources */ = {isa = PBXBuildFile; fileRef = 3C1D20E52A851D65004D9D4E /* SettingsHeaderView.swift */; };
		3C75BEAD2A84E54900145DA9 /* BackgroundOrange.swift in Sources */ = {isa = PBXBuildFile; fileRef = 3C75BEAC2A84E54900145DA9 /* BackgroundOrange.swift */; };
		3C7B76582A82951600F29346 /* BackgroundGray.swift in Sources */ = {isa = PBXBuildFile; fileRef = 3C7B76572A82951600F29346 /* BackgroundGray.swift */; };
		3C7B765C2A82A68500F29346 /* MainViewModel.swift in Sources */ = {isa = PBXBuildFile; fileRef = 3C7B765B2A82A68500F29346 /* MainViewModel.swift */; };
		3C7B765F2A82A7AD00F29346 /* GameTime.swift in Sources */ = {isa = PBXBuildFile; fileRef = 3C7B765E2A82A7AD00F29346 /* GameTime.swift */; };
		3CBD4D412A812F7800297401 /* MainView.swift in Sources */ = {isa = PBXBuildFile; fileRef = 3CBD4D402A812F7800297401 /* MainView.swift */; };
		3CBD4D432A812F8100297401 /* MainHelpSheet.swift in Sources */ = {isa = PBXBuildFile; fileRef = 3CBD4D422A812F8100297401 /* MainHelpSheet.swift */; };
		3CBD4D452A812F8D00297401 /* SettingsView.swift in Sources */ = {isa = PBXBuildFile; fileRef = 3CBD4D442A812F8D00297401 /* SettingsView.swift */; };
		3CBD4D4B2A823F7F00297401 /* CustomSheetModifier.swift in Sources */ = {isa = PBXBuildFile; fileRef = 3CBD4D4A2A823F7F00297401 /* CustomSheetModifier.swift */; };
		75F6051C2A8015D400A65218 /* BombApp.swift in Sources */ = {isa = PBXBuildFile; fileRef = 75F6051B2A8015D400A65218 /* BombApp.swift */; };
		75F6051E2A8015D400A65218 /* ContentView.swift in Sources */ = {isa = PBXBuildFile; fileRef = 75F6051D2A8015D400A65218 /* ContentView.swift */; };
		75F605202A8015D500A65218 /* Assets.xcassets in Resources */ = {isa = PBXBuildFile; fileRef = 75F6051F2A8015D500A65218 /* Assets.xcassets */; };
		75F605232A8015D500A65218 /* Preview Assets.xcassets in Resources */ = {isa = PBXBuildFile; fileRef = 75F605222A8015D500A65218 /* Preview Assets.xcassets */; };
		75F605302A81084600A65218 /* Color + ext.swift in Sources */ = {isa = PBXBuildFile; fileRef = 75F6052F2A81084600A65218 /* Color + ext.swift */; };
		8657D3302A855D0C00CECC27 /* Font+.swift in Sources */ = {isa = PBXBuildFile; fileRef = 8657D32F2A855D0C00CECC27 /* Font+.swift */; };
		8657D3442A855D6700CECC27 /* Color+.swift in Sources */ = {isa = PBXBuildFile; fileRef = 8657D3322A855D6700CECC27 /* Color+.swift */; };
		8657D3452A855D6700CECC27 /* GameView.swift in Sources */ = {isa = PBXBuildFile; fileRef = 8657D3342A855D6700CECC27 /* GameView.swift */; };
		8657D3462A855D6700CECC27 /* BackButton.swift in Sources */ = {isa = PBXBuildFile; fileRef = 8657D3362A855D6700CECC27 /* BackButton.swift */; };
		8657D3472A855D6700CECC27 /* PauseButton.swift in Sources */ = {isa = PBXBuildFile; fileRef = 8657D3372A855D6700CECC27 /* PauseButton.swift */; };
		8657D3482A855D6700CECC27 /* GameOverSheet.swift in Sources */ = {isa = PBXBuildFile; fileRef = 8657D3382A855D6700CECC27 /* GameOverSheet.swift */; };
		8657D3492A855D6700CECC27 /* PlainButton.swift in Sources */ = {isa = PBXBuildFile; fileRef = 8657D33A2A855D6700CECC27 /* PlainButton.swift */; };
		8657D34A2A855D6700CECC27 /* LottieView.swift in Sources */ = {isa = PBXBuildFile; fileRef = 8657D33B2A855D6700CECC27 /* LottieView.swift */; };
		8657D34B2A855D6700CECC27 /* AssetImage.swift in Sources */ = {isa = PBXBuildFile; fileRef = 8657D33C2A855D6700CECC27 /* AssetImage.swift */; };
		8657D34C2A855D6700CECC27 /* AnimatedBombView.swift in Sources */ = {isa = PBXBuildFile; fileRef = 8657D33D2A855D6700CECC27 /* AnimatedBombView.swift */; };
		8657D34D2A855D6700CECC27 /* Localization.swift in Sources */ = {isa = PBXBuildFile; fileRef = 8657D33F2A855D6700CECC27 /* Localization.swift */; };
		8657D34E2A855D6700CECC27 /* AssetNames.swift in Sources */ = {isa = PBXBuildFile; fileRef = 8657D3402A855D6700CECC27 /* AssetNames.swift */; };
		8657D34F2A855D6700CECC27 /* GameStore.swift in Sources */ = {isa = PBXBuildFile; fileRef = 8657D3422A855D6700CECC27 /* GameStore.swift */; };
		8657D3502A855D6700CECC27 /* GameDomain.swift in Sources */ = {isa = PBXBuildFile; fileRef = 8657D3432A855D6700CECC27 /* GameDomain.swift */; };
		8657D3532A855D7400CECC27 /* BombAnimation.json in Resources */ = {isa = PBXBuildFile; fileRef = 8657D3522A855D7400CECC27 /* BombAnimation.json */; };
		8657D35C2A855D7E00CECC27 /* TimerService.swift in Sources */ = {isa = PBXBuildFile; fileRef = 8657D3552A855D7E00CECC27 /* TimerService.swift */; };
		8657D35D2A855D7E00CECC27 /* AudioPlayer.swift in Sources */ = {isa = PBXBuildFile; fileRef = 8657D3572A855D7E00CECC27 /* AudioPlayer.swift */; };
		8657D35E2A855D7E00CECC27 /* bombTick.mp3 in Resources */ = {isa = PBXBuildFile; fileRef = 8657D3592A855D7E00CECC27 /* bombTick.mp3 */; };
		8657D35F2A855D7E00CECC27 /* Explosion.mp3 in Resources */ = {isa = PBXBuildFile; fileRef = 8657D35A2A855D7E00CECC27 /* Explosion.mp3 */; };
		8657D3602A855D7E00CECC27 /* TheBennyHillShow.mp3 in Resources */ = {isa = PBXBuildFile; fileRef = 8657D35B2A855D7E00CECC27 /* TheBennyHillShow.mp3 */; };
		8657D3782A856AE700CECC27 /* CategoryViewModel.swift in Sources */ = {isa = PBXBuildFile; fileRef = 8657D3652A856AE700CECC27 /* CategoryViewModel.swift */; };
		8657D3792A856AE700CECC27 /* CategoryCell.swift in Sources */ = {isa = PBXBuildFile; fileRef = 8657D3672A856AE700CECC27 /* CategoryCell.swift */; };
		8657D37A2A856AE700CECC27 /* CellImageView.swift in Sources */ = {isa = PBXBuildFile; fileRef = 8657D3682A856AE700CECC27 /* CellImageView.swift */; };
		8657D37B2A856AE700CECC27 /* CellTextView.swift in Sources */ = {isa = PBXBuildFile; fileRef = 8657D3692A856AE700CECC27 /* CellTextView.swift */; };
		8657D37C2A856AE700CECC27 /* CustomSheetModifierOld.swift in Sources */ = {isa = PBXBuildFile; fileRef = 8657D36B2A856AE700CECC27 /* CustomSheetModifierOld.swift */; };
		8657D37D2A856AE700CECC27 /* CustomToolbarModifier.swift in Sources */ = {isa = PBXBuildFile; fileRef = 8657D36C2A856AE700CECC27 /* CustomToolbarModifier.swift */; };
		8657D37E2A856AE700CECC27 /* DynamicCategoryGrid.swift in Sources */ = {isa = PBXBuildFile; fileRef = 8657D36D2A856AE700CECC27 /* DynamicCategoryGrid.swift */; };
		8657D37F2A856AE700CECC27 /* StaticCategoryGrid.swift in Sources */ = {isa = PBXBuildFile; fileRef = 8657D36E2A856AE700CECC27 /* StaticCategoryGrid.swift */; };
		8657D3802A856AE700CECC27 /* BackgroundView.swift in Sources */ = {isa = PBXBuildFile; fileRef = 8657D36F2A856AE700CECC27 /* BackgroundView.swift */; };
		8657D3812A856AE700CECC27 /* CellCheckboxView.swift in Sources */ = {isa = PBXBuildFile; fileRef = 8657D3702A856AE700CECC27 /* CellCheckboxView.swift */; };
		8657D3822A856AE700CECC27 /* Category.swift in Sources */ = {isa = PBXBuildFile; fileRef = 8657D3722A856AE700CECC27 /* Category.swift */; };
		8657D3832A856AE700CECC27 /* CategoriesView.swift in Sources */ = {isa = PBXBuildFile; fileRef = 8657D3742A856AE700CECC27 /* CategoriesView.swift */; };
		8657D3842A856AE700CECC27 /* HelpCategoriesView.swift in Sources */ = {isa = PBXBuildFile; fileRef = 8657D3752A856AE700CECC27 /* HelpCategoriesView.swift */; };
		8657D3852A856AE700CECC27 /* CategoryData.swift in Sources */ = {isa = PBXBuildFile; fileRef = 8657D3772A856AE700CECC27 /* CategoryData.swift */; };
		8657D3872A8576C300CECC27 /* DataProvider.swift in Sources */ = {isa = PBXBuildFile; fileRef = 8657D3862A8576C300CECC27 /* DataProvider.swift */; };
		8657D3AD2A8591FB00CECC27 /* Settings.swift in Sources */ = {isa = PBXBuildFile; fileRef = 8657D3AC2A8591FB00CECC27 /* Settings.swift */; };
		8657D3BE2A85A18800CECC27 /* GameDomainTests.swift in Sources */ = {isa = PBXBuildFile; fileRef = 8657D3AF2A85A0B700CECC27 /* GameDomainTests.swift */; };
		8657D3C02A85A1F000CECC27 /* DataProviderTests.swift in Sources */ = {isa = PBXBuildFile; fileRef = 8657D3BF2A85A1F000CECC27 /* DataProviderTests.swift */; };
		86A324FA2A81717F0031B71D /* Lottie in Frameworks */ = {isa = PBXBuildFile; productRef = 86A324F92A81717F0031B71D /* Lottie */; };
/* End PBXBuildFile section */

/* Begin PBXContainerItemProxy section */
		8657D3B92A85A17F00CECC27 /* PBXContainerItemProxy */ = {
			isa = PBXContainerItemProxy;
			containerPortal = 75F605102A8015D400A65218 /* Project object */;
			proxyType = 1;
			remoteGlobalIDString = 75F605172A8015D400A65218;
			remoteInfo = Bomb;
		};
/* End PBXContainerItemProxy section */

/* Begin PBXFileReference section */
		3C1D20C32A8501CD004D9D4E /* View+Extension.swift */ = {isa = PBXFileReference; lastKnownFileType = sourcecode.swift; path = "View+Extension.swift"; sourceTree = "<group>"; };
		3C1D20C52A85020D004D9D4E /* TextModifier.swift */ = {isa = PBXFileReference; lastKnownFileType = sourcecode.swift; path = TextModifier.swift; sourceTree = "<group>"; };
		3C1D20C72A85022D004D9D4E /* ShadowModifier.swift */ = {isa = PBXFileReference; lastKnownFileType = sourcecode.swift; path = ShadowModifier.swift; sourceTree = "<group>"; };
		3C1D20C92A850282004D9D4E /* MainButton.swift */ = {isa = PBXFileReference; lastKnownFileType = sourcecode.swift; path = MainButton.swift; sourceTree = "<group>"; };
		3C1D20CB2A850315004D9D4E /* MainHelpButton.swift */ = {isa = PBXFileReference; lastKnownFileType = sourcecode.swift; path = MainHelpButton.swift; sourceTree = "<group>"; };
		3C1D20CD2A850333004D9D4E /* SettingsButton.swift */ = {isa = PBXFileReference; lastKnownFileType = sourcecode.swift; path = SettingsButton.swift; sourceTree = "<group>"; };
		3C1D20D12A850487004D9D4E /* RoundedDivider.swift */ = {isa = PBXFileReference; lastKnownFileType = sourcecode.swift; path = RoundedDivider.swift; sourceTree = "<group>"; };
		3C1D20D52A8505AD004D9D4E /* RuleRow.swift */ = {isa = PBXFileReference; lastKnownFileType = sourcecode.swift; path = RuleRow.swift; sourceTree = "<group>"; };
		3C1D20D72A8506AE004D9D4E /* Rule.swift */ = {isa = PBXFileReference; lastKnownFileType = sourcecode.swift; path = Rule.swift; sourceTree = "<group>"; };
		3C1D20D92A851333004D9D4E /* Melody.swift */ = {isa = PBXFileReference; lastKnownFileType = sourcecode.swift; path = Melody.swift; sourceTree = "<group>"; };
		3C1D20DB2A851350004D9D4E /* SoundPickerView.swift */ = {isa = PBXFileReference; lastKnownFileType = sourcecode.swift; path = SoundPickerView.swift; sourceTree = "<group>"; };
		3C1D20DD2A851CC2004D9D4E /* ToggleSectionView.swift */ = {isa = PBXFileReference; lastKnownFileType = sourcecode.swift; path = ToggleSectionView.swift; sourceTree = "<group>"; };
		3C1D20DF2A851D07004D9D4E /* ButtonSectionModifier.swift */ = {isa = PBXFileReference; lastKnownFileType = sourcecode.swift; path = ButtonSectionModifier.swift; sourceTree = "<group>"; };
		3C1D20E12A851D2B004D9D4E /* ButtonLabelView.swift */ = {isa = PBXFileReference; lastKnownFileType = sourcecode.swift; path = ButtonLabelView.swift; sourceTree = "<group>"; };
		3C1D20E32A851D49004D9D4E /* SettingsTimeTitle.swift */ = {isa = PBXFileReference; lastKnownFileType = sourcecode.swift; path = SettingsTimeTitle.swift; sourceTree = "<group>"; };
		3C1D20E52A851D65004D9D4E /* SettingsHeaderView.swift */ = {isa = PBXFileReference; lastKnownFileType = sourcecode.swift; path = SettingsHeaderView.swift; sourceTree = "<group>"; };
		3C75BEAC2A84E54900145DA9 /* BackgroundOrange.swift */ = {isa = PBXFileReference; lastKnownFileType = sourcecode.swift; path = BackgroundOrange.swift; sourceTree = "<group>"; };
		3C7B76572A82951600F29346 /* BackgroundGray.swift */ = {isa = PBXFileReference; lastKnownFileType = sourcecode.swift; path = BackgroundGray.swift; sourceTree = "<group>"; };
		3C7B765B2A82A68500F29346 /* MainViewModel.swift */ = {isa = PBXFileReference; lastKnownFileType = sourcecode.swift; path = MainViewModel.swift; sourceTree = "<group>"; };
		3C7B765E2A82A7AD00F29346 /* GameTime.swift */ = {isa = PBXFileReference; lastKnownFileType = sourcecode.swift; path = GameTime.swift; sourceTree = "<group>"; };
		3CBD4D402A812F7800297401 /* MainView.swift */ = {isa = PBXFileReference; lastKnownFileType = sourcecode.swift; path = MainView.swift; sourceTree = "<group>"; };
		3CBD4D422A812F8100297401 /* MainHelpSheet.swift */ = {isa = PBXFileReference; lastKnownFileType = sourcecode.swift; path = MainHelpSheet.swift; sourceTree = "<group>"; };
		3CBD4D442A812F8D00297401 /* SettingsView.swift */ = {isa = PBXFileReference; lastKnownFileType = sourcecode.swift; path = SettingsView.swift; sourceTree = "<group>"; };
		3CBD4D4A2A823F7F00297401 /* CustomSheetModifier.swift */ = {isa = PBXFileReference; lastKnownFileType = sourcecode.swift; path = CustomSheetModifier.swift; sourceTree = "<group>"; };
		75F605182A8015D400A65218 /* Bomb.app */ = {isa = PBXFileReference; explicitFileType = wrapper.application; includeInIndex = 0; path = Bomb.app; sourceTree = BUILT_PRODUCTS_DIR; };
		75F6051B2A8015D400A65218 /* BombApp.swift */ = {isa = PBXFileReference; lastKnownFileType = sourcecode.swift; path = BombApp.swift; sourceTree = "<group>"; };
		75F6051D2A8015D400A65218 /* ContentView.swift */ = {isa = PBXFileReference; lastKnownFileType = sourcecode.swift; path = ContentView.swift; sourceTree = "<group>"; };
		75F6051F2A8015D500A65218 /* Assets.xcassets */ = {isa = PBXFileReference; lastKnownFileType = folder.assetcatalog; path = Assets.xcassets; sourceTree = "<group>"; };
		75F605222A8015D500A65218 /* Preview Assets.xcassets */ = {isa = PBXFileReference; lastKnownFileType = folder.assetcatalog; path = "Preview Assets.xcassets"; sourceTree = "<group>"; };
		75F6052F2A81084600A65218 /* Color + ext.swift */ = {isa = PBXFileReference; lastKnownFileType = sourcecode.swift; path = "Color + ext.swift"; sourceTree = "<group>"; };
		8657D32F2A855D0C00CECC27 /* Font+.swift */ = {isa = PBXFileReference; fileEncoding = 4; lastKnownFileType = sourcecode.swift; path = "Font+.swift"; sourceTree = "<group>"; };
		8657D3322A855D6700CECC27 /* Color+.swift */ = {isa = PBXFileReference; fileEncoding = 4; lastKnownFileType = sourcecode.swift; path = "Color+.swift"; sourceTree = "<group>"; };
		8657D3342A855D6700CECC27 /* GameView.swift */ = {isa = PBXFileReference; fileEncoding = 4; lastKnownFileType = sourcecode.swift; path = GameView.swift; sourceTree = "<group>"; };
		8657D3362A855D6700CECC27 /* BackButton.swift */ = {isa = PBXFileReference; fileEncoding = 4; lastKnownFileType = sourcecode.swift; path = BackButton.swift; sourceTree = "<group>"; };
		8657D3372A855D6700CECC27 /* PauseButton.swift */ = {isa = PBXFileReference; fileEncoding = 4; lastKnownFileType = sourcecode.swift; path = PauseButton.swift; sourceTree = "<group>"; };
		8657D3382A855D6700CECC27 /* GameOverSheet.swift */ = {isa = PBXFileReference; fileEncoding = 4; lastKnownFileType = sourcecode.swift; path = GameOverSheet.swift; sourceTree = "<group>"; };
		8657D33A2A855D6700CECC27 /* PlainButton.swift */ = {isa = PBXFileReference; fileEncoding = 4; lastKnownFileType = sourcecode.swift; path = PlainButton.swift; sourceTree = "<group>"; };
		8657D33B2A855D6700CECC27 /* LottieView.swift */ = {isa = PBXFileReference; fileEncoding = 4; lastKnownFileType = sourcecode.swift; path = LottieView.swift; sourceTree = "<group>"; };
		8657D33C2A855D6700CECC27 /* AssetImage.swift */ = {isa = PBXFileReference; fileEncoding = 4; lastKnownFileType = sourcecode.swift; path = AssetImage.swift; sourceTree = "<group>"; };
		8657D33D2A855D6700CECC27 /* AnimatedBombView.swift */ = {isa = PBXFileReference; fileEncoding = 4; lastKnownFileType = sourcecode.swift; path = AnimatedBombView.swift; sourceTree = "<group>"; };
		8657D33F2A855D6700CECC27 /* Localization.swift */ = {isa = PBXFileReference; fileEncoding = 4; lastKnownFileType = sourcecode.swift; path = Localization.swift; sourceTree = "<group>"; };
		8657D3402A855D6700CECC27 /* AssetNames.swift */ = {isa = PBXFileReference; fileEncoding = 4; lastKnownFileType = sourcecode.swift; path = AssetNames.swift; sourceTree = "<group>"; };
		8657D3422A855D6700CECC27 /* GameStore.swift */ = {isa = PBXFileReference; fileEncoding = 4; lastKnownFileType = sourcecode.swift; path = GameStore.swift; sourceTree = "<group>"; };
		8657D3432A855D6700CECC27 /* GameDomain.swift */ = {isa = PBXFileReference; fileEncoding = 4; lastKnownFileType = sourcecode.swift; path = GameDomain.swift; sourceTree = "<group>"; };
		8657D3522A855D7400CECC27 /* BombAnimation.json */ = {isa = PBXFileReference; fileEncoding = 4; lastKnownFileType = text.json; path = BombAnimation.json; sourceTree = "<group>"; };
		8657D3552A855D7E00CECC27 /* TimerService.swift */ = {isa = PBXFileReference; fileEncoding = 4; lastKnownFileType = sourcecode.swift; path = TimerService.swift; sourceTree = "<group>"; };
		8657D3572A855D7E00CECC27 /* AudioPlayer.swift */ = {isa = PBXFileReference; fileEncoding = 4; lastKnownFileType = sourcecode.swift; path = AudioPlayer.swift; sourceTree = "<group>"; };
		8657D3592A855D7E00CECC27 /* bombTick.mp3 */ = {isa = PBXFileReference; lastKnownFileType = audio.mp3; path = bombTick.mp3; sourceTree = "<group>"; };
		8657D35A2A855D7E00CECC27 /* Explosion.mp3 */ = {isa = PBXFileReference; lastKnownFileType = audio.mp3; path = Explosion.mp3; sourceTree = "<group>"; };
		8657D35B2A855D7E00CECC27 /* TheBennyHillShow.mp3 */ = {isa = PBXFileReference; lastKnownFileType = audio.mp3; path = TheBennyHillShow.mp3; sourceTree = "<group>"; };
		8657D3652A856AE700CECC27 /* CategoryViewModel.swift */ = {isa = PBXFileReference; fileEncoding = 4; lastKnownFileType = sourcecode.swift; path = CategoryViewModel.swift; sourceTree = "<group>"; };
		8657D3672A856AE700CECC27 /* CategoryCell.swift */ = {isa = PBXFileReference; fileEncoding = 4; lastKnownFileType = sourcecode.swift; path = CategoryCell.swift; sourceTree = "<group>"; };
		8657D3682A856AE700CECC27 /* CellImageView.swift */ = {isa = PBXFileReference; fileEncoding = 4; lastKnownFileType = sourcecode.swift; path = CellImageView.swift; sourceTree = "<group>"; };
		8657D3692A856AE700CECC27 /* CellTextView.swift */ = {isa = PBXFileReference; fileEncoding = 4; lastKnownFileType = sourcecode.swift; path = CellTextView.swift; sourceTree = "<group>"; };
		8657D36B2A856AE700CECC27 /* CustomSheetModifierOld.swift */ = {isa = PBXFileReference; fileEncoding = 4; lastKnownFileType = sourcecode.swift; path = CustomSheetModifierOld.swift; sourceTree = "<group>"; };
		8657D36C2A856AE700CECC27 /* CustomToolbarModifier.swift */ = {isa = PBXFileReference; fileEncoding = 4; lastKnownFileType = sourcecode.swift; path = CustomToolbarModifier.swift; sourceTree = "<group>"; };
		8657D36D2A856AE700CECC27 /* DynamicCategoryGrid.swift */ = {isa = PBXFileReference; fileEncoding = 4; lastKnownFileType = sourcecode.swift; path = DynamicCategoryGrid.swift; sourceTree = "<group>"; };
		8657D36E2A856AE700CECC27 /* StaticCategoryGrid.swift */ = {isa = PBXFileReference; fileEncoding = 4; lastKnownFileType = sourcecode.swift; path = StaticCategoryGrid.swift; sourceTree = "<group>"; };
		8657D36F2A856AE700CECC27 /* BackgroundView.swift */ = {isa = PBXFileReference; fileEncoding = 4; lastKnownFileType = sourcecode.swift; path = BackgroundView.swift; sourceTree = "<group>"; };
		8657D3702A856AE700CECC27 /* CellCheckboxView.swift */ = {isa = PBXFileReference; fileEncoding = 4; lastKnownFileType = sourcecode.swift; path = CellCheckboxView.swift; sourceTree = "<group>"; };
		8657D3722A856AE700CECC27 /* Category.swift */ = {isa = PBXFileReference; fileEncoding = 4; lastKnownFileType = sourcecode.swift; path = Category.swift; sourceTree = "<group>"; };
		8657D3742A856AE700CECC27 /* CategoriesView.swift */ = {isa = PBXFileReference; fileEncoding = 4; lastKnownFileType = sourcecode.swift; path = CategoriesView.swift; sourceTree = "<group>"; };
		8657D3752A856AE700CECC27 /* HelpCategoriesView.swift */ = {isa = PBXFileReference; fileEncoding = 4; lastKnownFileType = sourcecode.swift; path = HelpCategoriesView.swift; sourceTree = "<group>"; };
		8657D3772A856AE700CECC27 /* CategoryData.swift */ = {isa = PBXFileReference; fileEncoding = 4; lastKnownFileType = sourcecode.swift; path = CategoryData.swift; sourceTree = "<group>"; };
		8657D3862A8576C300CECC27 /* DataProvider.swift */ = {isa = PBXFileReference; lastKnownFileType = sourcecode.swift; path = DataProvider.swift; sourceTree = "<group>"; };
		8657D3AC2A8591FB00CECC27 /* Settings.swift */ = {isa = PBXFileReference; lastKnownFileType = sourcecode.swift; path = Settings.swift; sourceTree = "<group>"; };
		8657D3AF2A85A0B700CECC27 /* GameDomainTests.swift */ = {isa = PBXFileReference; fileEncoding = 4; lastKnownFileType = sourcecode.swift; path = GameDomainTests.swift; sourceTree = "<group>"; };
		8657D3B52A85A17F00CECC27 /* BombTests.xctest */ = {isa = PBXFileReference; explicitFileType = wrapper.cfbundle; includeInIndex = 0; path = BombTests.xctest; sourceTree = BUILT_PRODUCTS_DIR; };
		8657D3BF2A85A1F000CECC27 /* DataProviderTests.swift */ = {isa = PBXFileReference; lastKnownFileType = sourcecode.swift; path = DataProviderTests.swift; sourceTree = "<group>"; };
/* End PBXFileReference section */

/* Begin PBXFrameworksBuildPhase section */
		75F605152A8015D400A65218 /* Frameworks */ = {
			isa = PBXFrameworksBuildPhase;
			buildActionMask = 2147483647;
			files = (
				86A324FA2A81717F0031B71D /* Lottie in Frameworks */,
			);
			runOnlyForDeploymentPostprocessing = 0;
		};
		8657D3B22A85A17F00CECC27 /* Frameworks */ = {
			isa = PBXFrameworksBuildPhase;
			buildActionMask = 2147483647;
			files = (
			);
			runOnlyForDeploymentPostprocessing = 0;
		};
/* End PBXFrameworksBuildPhase section */

/* Begin PBXGroup section */
		3C1D20C02A850180004D9D4E /* Extensions */ = {
			isa = PBXGroup;
			children = (
				8657D32F2A855D0C00CECC27 /* Font+.swift */,
				75F6052F2A81084600A65218 /* Color + ext.swift */,
				3C1D20C32A8501CD004D9D4E /* View+Extension.swift */,
			);
			path = Extensions;
			sourceTree = "<group>";
		};
		3C7B76592A82A65D00F29346 /* View */ = {
			isa = PBXGroup;
			children = (
				3CBD4D402A812F7800297401 /* MainView.swift */,
				3CBD4D422A812F8100297401 /* MainHelpSheet.swift */,
				3CBD4D442A812F8D00297401 /* SettingsView.swift */,
				3C7B765A2A82A66800F29346 /* ViewModel */,
			);
			path = View;
			sourceTree = "<group>";
		};
		3C7B765A2A82A66800F29346 /* ViewModel */ = {
			isa = PBXGroup;
			children = (
				3C7B765B2A82A68500F29346 /* MainViewModel.swift */,
			);
			path = ViewModel;
			sourceTree = "<group>";
		};
		3C7B765D2A82A6D900F29346 /* Model */ = {
			isa = PBXGroup;
			children = (
				3C7B765E2A82A7AD00F29346 /* GameTime.swift */,
				3C1D20D72A8506AE004D9D4E /* Rule.swift */,
				3C1D20D92A851333004D9D4E /* Melody.swift */,
			);
			path = Model;
			sourceTree = "<group>";
		};
		3CBD4D3F2A812F6100297401 /* MainView */ = {
			isa = PBXGroup;
			children = (
				3C7B765D2A82A6D900F29346 /* Model */,
				3C7B76592A82A65D00F29346 /* View */,
				3CBD4D462A812F9000297401 /* Components */,
				3CBD4D492A823F0800297401 /* Modifier */,
				3C1D20C02A850180004D9D4E /* Extensions */,
			);
			path = MainView;
			sourceTree = "<group>";
		};
		3CBD4D462A812F9000297401 /* Components */ = {
			isa = PBXGroup;
			children = (
				3C7B76572A82951600F29346 /* BackgroundGray.swift */,
				3C1D20E52A851D65004D9D4E /* SettingsHeaderView.swift */,
				3C1D20E32A851D49004D9D4E /* SettingsTimeTitle.swift */,
				3C1D20DD2A851CC2004D9D4E /* ToggleSectionView.swift */,
				3C1D20E12A851D2B004D9D4E /* ButtonLabelView.swift */,
				3C1D20DB2A851350004D9D4E /* SoundPickerView.swift */,
				3C1D20D52A8505AD004D9D4E /* RuleRow.swift */,
				3C1D20CB2A850315004D9D4E /* MainHelpButton.swift */,
				3C1D20C92A850282004D9D4E /* MainButton.swift */,
				3C1D20CD2A850333004D9D4E /* SettingsButton.swift */,
				3C75BEAC2A84E54900145DA9 /* BackgroundOrange.swift */,
				3C1D20D12A850487004D9D4E /* RoundedDivider.swift */,
			);
			path = Components;
			sourceTree = "<group>";
		};
		3CBD4D492A823F0800297401 /* Modifier */ = {
			isa = PBXGroup;
			children = (
				3CBD4D4A2A823F7F00297401 /* CustomSheetModifier.swift */,
				3C1D20C52A85020D004D9D4E /* TextModifier.swift */,
				3C1D20C72A85022D004D9D4E /* ShadowModifier.swift */,
				3C1D20DF2A851D07004D9D4E /* ButtonSectionModifier.swift */,
			);
			path = Modifier;
			sourceTree = "<group>";
		};
		75F6050F2A8015D400A65218 = {
			isa = PBXGroup;
			children = (
				75F6051A2A8015D400A65218 /* Bomb */,
				8657D3B62A85A17F00CECC27 /* BombTests */,
				75F605192A8015D400A65218 /* Products */,
			);
			sourceTree = "<group>";
		};
		75F605192A8015D400A65218 /* Products */ = {
			isa = PBXGroup;
			children = (
				75F605182A8015D400A65218 /* Bomb.app */,
				8657D3B52A85A17F00CECC27 /* BombTests.xctest */,
			);
			name = Products;
			sourceTree = "<group>";
		};
		75F6051A2A8015D400A65218 /* Bomb */ = {
			isa = PBXGroup;
			children = (
				8657D3AB2A8591E900CECC27 /* Settings */,
				8657D3632A856AE700CECC27 /* Categories */,
				8657D3542A855D7E00CECC27 /* Services */,
				8657D3512A855D7400CECC27 /* LottieAnimations */,
				8657D3312A855D6700CECC27 /* GameModule */,
				75F6051B2A8015D400A65218 /* BombApp.swift */,
				75F6051D2A8015D400A65218 /* ContentView.swift */,
				3CBD4D3F2A812F6100297401 /* MainView */,
				75F6051F2A8015D500A65218 /* Assets.xcassets */,
				75F605212A8015D500A65218 /* Preview Content */,
				8657D3862A8576C300CECC27 /* DataProvider.swift */,
			);
			path = Bomb;
			sourceTree = "<group>";
		};
		75F605212A8015D500A65218 /* Preview Content */ = {
			isa = PBXGroup;
			children = (
				75F605222A8015D500A65218 /* Preview Assets.xcassets */,
			);
			path = "Preview Content";
			sourceTree = "<group>";
		};
		8657D3312A855D6700CECC27 /* GameModule */ = {
			isa = PBXGroup;
			children = (
				8657D3322A855D6700CECC27 /* Color+.swift */,
				8657D3332A855D6700CECC27 /* View */,
				8657D3412A855D6700CECC27 /* UDF */,
			);
			path = GameModule;
			sourceTree = "<group>";
		};
		8657D3332A855D6700CECC27 /* View */ = {
			isa = PBXGroup;
			children = (
				8657D3342A855D6700CECC27 /* GameView.swift */,
				8657D3352A855D6700CECC27 /* ToolbarItems */,
				8657D3382A855D6700CECC27 /* GameOverSheet.swift */,
				8657D3392A855D6700CECC27 /* Subviews */,
				8657D33E2A855D6700CECC27 /* Resourses */,
			);
			path = View;
			sourceTree = "<group>";
		};
		8657D3352A855D6700CECC27 /* ToolbarItems */ = {
			isa = PBXGroup;
			children = (
				8657D3362A855D6700CECC27 /* BackButton.swift */,
				8657D3372A855D6700CECC27 /* PauseButton.swift */,
			);
			path = ToolbarItems;
			sourceTree = "<group>";
		};
		8657D3392A855D6700CECC27 /* Subviews */ = {
			isa = PBXGroup;
			children = (
				8657D33A2A855D6700CECC27 /* PlainButton.swift */,
				8657D33B2A855D6700CECC27 /* LottieView.swift */,
				8657D33C2A855D6700CECC27 /* AssetImage.swift */,
				8657D33D2A855D6700CECC27 /* AnimatedBombView.swift */,
			);
			path = Subviews;
			sourceTree = "<group>";
		};
		8657D33E2A855D6700CECC27 /* Resourses */ = {
			isa = PBXGroup;
			children = (
				8657D33F2A855D6700CECC27 /* Localization.swift */,
				8657D3402A855D6700CECC27 /* AssetNames.swift */,
			);
			path = Resourses;
			sourceTree = "<group>";
		};
		8657D3412A855D6700CECC27 /* UDF */ = {
			isa = PBXGroup;
			children = (
				8657D3422A855D6700CECC27 /* GameStore.swift */,
				8657D3432A855D6700CECC27 /* GameDomain.swift */,
			);
			path = UDF;
			sourceTree = "<group>";
		};
		8657D3512A855D7400CECC27 /* LottieAnimations */ = {
			isa = PBXGroup;
			children = (
				8657D3522A855D7400CECC27 /* BombAnimation.json */,
			);
			path = LottieAnimations;
			sourceTree = "<group>";
		};
		8657D3542A855D7E00CECC27 /* Services */ = {
			isa = PBXGroup;
			children = (
				8657D3552A855D7E00CECC27 /* TimerService.swift */,
				8657D3562A855D7E00CECC27 /* AudioService */,
			);
			path = Services;
			sourceTree = "<group>";
		};
		8657D3562A855D7E00CECC27 /* AudioService */ = {
			isa = PBXGroup;
			children = (
				8657D3572A855D7E00CECC27 /* AudioPlayer.swift */,
				8657D3582A855D7E00CECC27 /* Tracks */,
			);
			path = AudioService;
			sourceTree = "<group>";
		};
		8657D3582A855D7E00CECC27 /* Tracks */ = {
			isa = PBXGroup;
			children = (
				8657D3592A855D7E00CECC27 /* bombTick.mp3 */,
				8657D35A2A855D7E00CECC27 /* Explosion.mp3 */,
				8657D35B2A855D7E00CECC27 /* TheBennyHillShow.mp3 */,
			);
			path = Tracks;
			sourceTree = "<group>";
		};
		8657D3632A856AE700CECC27 /* Categories */ = {
			isa = PBXGroup;
			children = (
				8657D3642A856AE700CECC27 /* ViewModel */,
				8657D3662A856AE700CECC27 /* Components */,
				8657D3712A856AE700CECC27 /* Model */,
				8657D3732A856AE700CECC27 /* View */,
				8657D3762A856AE700CECC27 /* Services */,
			);
			path = Categories;
			sourceTree = "<group>";
		};
		8657D3642A856AE700CECC27 /* ViewModel */ = {
			isa = PBXGroup;
			children = (
				8657D3652A856AE700CECC27 /* CategoryViewModel.swift */,
			);
			path = ViewModel;
			sourceTree = "<group>";
		};
		8657D3662A856AE700CECC27 /* Components */ = {
			isa = PBXGroup;
			children = (
				8657D3672A856AE700CECC27 /* CategoryCell.swift */,
				8657D3682A856AE700CECC27 /* CellImageView.swift */,
				8657D3692A856AE700CECC27 /* CellTextView.swift */,
				8657D36A2A856AE700CECC27 /* Modifier */,
				8657D36D2A856AE700CECC27 /* DynamicCategoryGrid.swift */,
				8657D36E2A856AE700CECC27 /* StaticCategoryGrid.swift */,
				8657D36F2A856AE700CECC27 /* BackgroundView.swift */,
				8657D3702A856AE700CECC27 /* CellCheckboxView.swift */,
			);
			path = Components;
			sourceTree = "<group>";
		};
		8657D36A2A856AE700CECC27 /* Modifier */ = {
			isa = PBXGroup;
			children = (
				8657D36B2A856AE700CECC27 /* CustomSheetModifierOld.swift */,
				8657D36C2A856AE700CECC27 /* CustomToolbarModifier.swift */,
			);
			path = Modifier;
			sourceTree = "<group>";
		};
		8657D3712A856AE700CECC27 /* Model */ = {
			isa = PBXGroup;
			children = (
				8657D3722A856AE700CECC27 /* Category.swift */,
			);
			path = Model;
			sourceTree = "<group>";
		};
		8657D3732A856AE700CECC27 /* View */ = {
			isa = PBXGroup;
			children = (
				8657D3742A856AE700CECC27 /* CategoriesView.swift */,
				8657D3752A856AE700CECC27 /* HelpCategoriesView.swift */,
			);
			path = View;
			sourceTree = "<group>";
		};
		8657D3762A856AE700CECC27 /* Services */ = {
			isa = PBXGroup;
			children = (
				8657D3772A856AE700CECC27 /* CategoryData.swift */,
			);
			path = Services;
			sourceTree = "<group>";
		};
		8657D3AB2A8591E900CECC27 /* Settings */ = {
			isa = PBXGroup;
			children = (
				8657D3AC2A8591FB00CECC27 /* Settings.swift */,
			);
			path = Settings;
			sourceTree = "<group>";
		};
		8657D3B62A85A17F00CECC27 /* BombTests */ = {
			isa = PBXGroup;
			children = (
				8657D3BF2A85A1F000CECC27 /* DataProviderTests.swift */,
				8657D3AF2A85A0B700CECC27 /* GameDomainTests.swift */,
			);
			path = BombTests;
			sourceTree = "<group>";
		};
/* End PBXGroup section */

/* Begin PBXNativeTarget section */
		75F605172A8015D400A65218 /* Bomb */ = {
			isa = PBXNativeTarget;
			buildConfigurationList = 75F605262A8015D500A65218 /* Build configuration list for PBXNativeTarget "Bomb" */;
			buildPhases = (
				75F605142A8015D400A65218 /* Sources */,
				75F605152A8015D400A65218 /* Frameworks */,
				75F605162A8015D400A65218 /* Resources */,
			);
			buildRules = (
			);
			dependencies = (
			);
			name = Bomb;
			packageProductDependencies = (
				86A324F92A81717F0031B71D /* Lottie */,
			);
			productName = Bomb;
			productReference = 75F605182A8015D400A65218 /* Bomb.app */;
			productType = "com.apple.product-type.application";
		};
		8657D3B42A85A17F00CECC27 /* BombTests */ = {
			isa = PBXNativeTarget;
			buildConfigurationList = 8657D3BB2A85A17F00CECC27 /* Build configuration list for PBXNativeTarget "BombTests" */;
			buildPhases = (
				8657D3B12A85A17F00CECC27 /* Sources */,
				8657D3B22A85A17F00CECC27 /* Frameworks */,
				8657D3B32A85A17F00CECC27 /* Resources */,
			);
			buildRules = (
			);
			dependencies = (
				8657D3BA2A85A17F00CECC27 /* PBXTargetDependency */,
			);
			name = BombTests;
			productName = BombTests;
			productReference = 8657D3B52A85A17F00CECC27 /* BombTests.xctest */;
			productType = "com.apple.product-type.bundle.unit-test";
		};
/* End PBXNativeTarget section */

/* Begin PBXProject section */
		75F605102A8015D400A65218 /* Project object */ = {
			isa = PBXProject;
			attributes = {
				BuildIndependentTargetsInParallel = 1;
				KnownAssetTags = (
					New,
				);
				LastSwiftUpdateCheck = 1500;
				LastUpgradeCheck = 1410;
				TargetAttributes = {
					75F605172A8015D400A65218 = {
						CreatedOnToolsVersion = 14.1;
					};
					8657D3B42A85A17F00CECC27 = {
						CreatedOnToolsVersion = 15.0;
						TestTargetID = 75F605172A8015D400A65218;
					};
				};
			};
			buildConfigurationList = 75F605132A8015D400A65218 /* Build configuration list for PBXProject "Bomb" */;
			compatibilityVersion = "Xcode 14.0";
			developmentRegion = en;
			hasScannedForEncodings = 0;
			knownRegions = (
				en,
				Base,
			);
			mainGroup = 75F6050F2A8015D400A65218;
			packageReferences = (
				86A324F82A81717F0031B71D /* XCRemoteSwiftPackageReference "lottie-ios" */,
			);
			productRefGroup = 75F605192A8015D400A65218 /* Products */;
			projectDirPath = "";
			projectRoot = "";
			targets = (
				75F605172A8015D400A65218 /* Bomb */,
				8657D3B42A85A17F00CECC27 /* BombTests */,
			);
		};
/* End PBXProject section */

/* Begin PBXResourcesBuildPhase section */
		75F605162A8015D400A65218 /* Resources */ = {
			isa = PBXResourcesBuildPhase;
			buildActionMask = 2147483647;
			files = (
				75F605232A8015D500A65218 /* Preview Assets.xcassets in Resources */,
				8657D3532A855D7400CECC27 /* BombAnimation.json in Resources */,
				8657D35E2A855D7E00CECC27 /* bombTick.mp3 in Resources */,
				8657D3602A855D7E00CECC27 /* TheBennyHillShow.mp3 in Resources */,
				75F605202A8015D500A65218 /* Assets.xcassets in Resources */,
				8657D35F2A855D7E00CECC27 /* Explosion.mp3 in Resources */,
			);
			runOnlyForDeploymentPostprocessing = 0;
		};
		8657D3B32A85A17F00CECC27 /* Resources */ = {
			isa = PBXResourcesBuildPhase;
			buildActionMask = 2147483647;
			files = (
			);
			runOnlyForDeploymentPostprocessing = 0;
		};
/* End PBXResourcesBuildPhase section */

/* Begin PBXSourcesBuildPhase section */
		75F605142A8015D400A65218 /* Sources */ = {
			isa = PBXSourcesBuildPhase;
			buildActionMask = 2147483647;
			files = (
				8657D34D2A855D6700CECC27 /* Localization.swift in Sources */,
				8657D37B2A856AE700CECC27 /* CellTextView.swift in Sources */,
				8657D3802A856AE700CECC27 /* BackgroundView.swift in Sources */,
				8657D3462A855D6700CECC27 /* BackButton.swift in Sources */,
				8657D3482A855D6700CECC27 /* GameOverSheet.swift in Sources */,
				3C1D20E62A851D65004D9D4E /* SettingsHeaderView.swift in Sources */,
				8657D37F2A856AE700CECC27 /* StaticCategoryGrid.swift in Sources */,
				8657D37E2A856AE700CECC27 /* DynamicCategoryGrid.swift in Sources */,
				8657D3832A856AE700CECC27 /* CategoriesView.swift in Sources */,
				8657D35D2A855D7E00CECC27 /* AudioPlayer.swift in Sources */,
				75F6051E2A8015D400A65218 /* ContentView.swift in Sources */,
				8657D3812A856AE700CECC27 /* CellCheckboxView.swift in Sources */,
				8657D37C2A856AE700CECC27 /* CustomSheetModifierOld.swift in Sources */,
				8657D3842A856AE700CECC27 /* HelpCategoriesView.swift in Sources */,
				3C1D20D82A8506AE004D9D4E /* Rule.swift in Sources */,
				3C1D20E22A851D2B004D9D4E /* ButtonLabelView.swift in Sources */,
				8657D3452A855D6700CECC27 /* GameView.swift in Sources */,
				8657D3472A855D6700CECC27 /* PauseButton.swift in Sources */,
				3C1D20DE2A851CC2004D9D4E /* ToggleSectionView.swift in Sources */,
				3C1D20D22A850487004D9D4E /* RoundedDivider.swift in Sources */,
				3C7B76582A82951600F29346 /* BackgroundGray.swift in Sources */,
				3C1D20E42A851D49004D9D4E /* SettingsTimeTitle.swift in Sources */,
				8657D3792A856AE700CECC27 /* CategoryCell.swift in Sources */,
				8657D3302A855D0C00CECC27 /* Font+.swift in Sources */,
				8657D34E2A855D6700CECC27 /* AssetNames.swift in Sources */,
				8657D3822A856AE700CECC27 /* Category.swift in Sources */,
				3CBD4D412A812F7800297401 /* MainView.swift in Sources */,
				8657D3442A855D6700CECC27 /* Color+.swift in Sources */,
				8657D3852A856AE700CECC27 /* CategoryData.swift in Sources */,
				3CBD4D432A812F8100297401 /* MainHelpSheet.swift in Sources */,
				8657D3AD2A8591FB00CECC27 /* Settings.swift in Sources */,
				8657D3492A855D6700CECC27 /* PlainButton.swift in Sources */,
				3C1D20DC2A851350004D9D4E /* SoundPickerView.swift in Sources */,
				8657D37D2A856AE700CECC27 /* CustomToolbarModifier.swift in Sources */,
				3CBD4D452A812F8D00297401 /* SettingsView.swift in Sources */,
				3C1D20C62A85020D004D9D4E /* TextModifier.swift in Sources */,
				3C7B765C2A82A68500F29346 /* MainViewModel.swift in Sources */,
				3C7B765F2A82A7AD00F29346 /* GameTime.swift in Sources */,
				8657D34B2A855D6700CECC27 /* AssetImage.swift in Sources */,
				3C1D20CE2A850333004D9D4E /* SettingsButton.swift in Sources */,
				8657D37A2A856AE700CECC27 /* CellImageView.swift in Sources */,
				8657D34C2A855D6700CECC27 /* AnimatedBombView.swift in Sources */,
				75F6051C2A8015D400A65218 /* BombApp.swift in Sources */,
				3C1D20CC2A850315004D9D4E /* MainHelpButton.swift in Sources */,
				75F605302A81084600A65218 /* Color + ext.swift in Sources */,
				3C75BEAD2A84E54900145DA9 /* BackgroundOrange.swift in Sources */,
				8657D3502A855D6700CECC27 /* GameDomain.swift in Sources */,
				3C1D20DA2A851333004D9D4E /* Melody.swift in Sources */,
				3C1D20C42A8501CD004D9D4E /* View+Extension.swift in Sources */,
				8657D3872A8576C300CECC27 /* DataProvider.swift in Sources */,
				8657D34F2A855D6700CECC27 /* GameStore.swift in Sources */,
				8657D3782A856AE700CECC27 /* CategoryViewModel.swift in Sources */,
				3C1D20D62A8505AD004D9D4E /* RuleRow.swift in Sources */,
				3C1D20C82A85022D004D9D4E /* ShadowModifier.swift in Sources */,
				3CBD4D4B2A823F7F00297401 /* CustomSheetModifier.swift in Sources */,
				8657D34A2A855D6700CECC27 /* LottieView.swift in Sources */,
				8657D35C2A855D7E00CECC27 /* TimerService.swift in Sources */,
				3C1D20E02A851D07004D9D4E /* ButtonSectionModifier.swift in Sources */,
				3C1D20CA2A850282004D9D4E /* MainButton.swift in Sources */,
			);
			runOnlyForDeploymentPostprocessing = 0;
		};
		8657D3B12A85A17F00CECC27 /* Sources */ = {
			isa = PBXSourcesBuildPhase;
			buildActionMask = 2147483647;
			files = (
				8657D3C02A85A1F000CECC27 /* DataProviderTests.swift in Sources */,
				8657D3BE2A85A18800CECC27 /* GameDomainTests.swift in Sources */,
			);
			runOnlyForDeploymentPostprocessing = 0;
		};
/* End PBXSourcesBuildPhase section */

/* Begin PBXTargetDependency section */
		8657D3BA2A85A17F00CECC27 /* PBXTargetDependency */ = {
			isa = PBXTargetDependency;
			target = 75F605172A8015D400A65218 /* Bomb */;
			targetProxy = 8657D3B92A85A17F00CECC27 /* PBXContainerItemProxy */;
		};
/* End PBXTargetDependency section */

/* Begin XCBuildConfiguration section */
		75F605242A8015D500A65218 /* Debug */ = {
			isa = XCBuildConfiguration;
			buildSettings = {
				ALWAYS_SEARCH_USER_PATHS = NO;
				CLANG_ANALYZER_NONNULL = YES;
				CLANG_ANALYZER_NUMBER_OBJECT_CONVERSION = YES_AGGRESSIVE;
				CLANG_CXX_LANGUAGE_STANDARD = "gnu++20";
				CLANG_ENABLE_MODULES = YES;
				CLANG_ENABLE_OBJC_ARC = YES;
				CLANG_ENABLE_OBJC_WEAK = YES;
				CLANG_WARN_BLOCK_CAPTURE_AUTORELEASING = YES;
				CLANG_WARN_BOOL_CONVERSION = YES;
				CLANG_WARN_COMMA = YES;
				CLANG_WARN_CONSTANT_CONVERSION = YES;
				CLANG_WARN_DEPRECATED_OBJC_IMPLEMENTATIONS = YES;
				CLANG_WARN_DIRECT_OBJC_ISA_USAGE = YES_ERROR;
				CLANG_WARN_DOCUMENTATION_COMMENTS = YES;
				CLANG_WARN_EMPTY_BODY = YES;
				CLANG_WARN_ENUM_CONVERSION = YES;
				CLANG_WARN_INFINITE_RECURSION = YES;
				CLANG_WARN_INT_CONVERSION = YES;
				CLANG_WARN_NON_LITERAL_NULL_CONVERSION = YES;
				CLANG_WARN_OBJC_IMPLICIT_RETAIN_SELF = YES;
				CLANG_WARN_OBJC_LITERAL_CONVERSION = YES;
				CLANG_WARN_OBJC_ROOT_CLASS = YES_ERROR;
				CLANG_WARN_QUOTED_INCLUDE_IN_FRAMEWORK_HEADER = YES;
				CLANG_WARN_RANGE_LOOP_ANALYSIS = YES;
				CLANG_WARN_STRICT_PROTOTYPES = YES;
				CLANG_WARN_SUSPICIOUS_MOVE = YES;
				CLANG_WARN_UNGUARDED_AVAILABILITY = YES_AGGRESSIVE;
				CLANG_WARN_UNREACHABLE_CODE = YES;
				CLANG_WARN__DUPLICATE_METHOD_MATCH = YES;
				COPY_PHASE_STRIP = NO;
				DEBUG_INFORMATION_FORMAT = dwarf;
				ENABLE_STRICT_OBJC_MSGSEND = YES;
				ENABLE_TESTABILITY = YES;
				GCC_C_LANGUAGE_STANDARD = gnu11;
				GCC_DYNAMIC_NO_PIC = NO;
				GCC_NO_COMMON_BLOCKS = YES;
				GCC_OPTIMIZATION_LEVEL = 0;
				GCC_PREPROCESSOR_DEFINITIONS = (
					"DEBUG=1",
					"$(inherited)",
				);
				GCC_WARN_64_TO_32_BIT_CONVERSION = YES;
				GCC_WARN_ABOUT_RETURN_TYPE = YES_ERROR;
				GCC_WARN_UNDECLARED_SELECTOR = YES;
				GCC_WARN_UNINITIALIZED_AUTOS = YES_AGGRESSIVE;
				GCC_WARN_UNUSED_FUNCTION = YES;
				GCC_WARN_UNUSED_VARIABLE = YES;
				IPHONEOS_DEPLOYMENT_TARGET = 16.1;
				MTL_ENABLE_DEBUG_INFO = INCLUDE_SOURCE;
				MTL_FAST_MATH = YES;
				ONLY_ACTIVE_ARCH = YES;
				SDKROOT = iphoneos;
				SWIFT_ACTIVE_COMPILATION_CONDITIONS = DEBUG;
				SWIFT_OPTIMIZATION_LEVEL = "-Onone";
			};
			name = Debug;
		};
		75F605252A8015D500A65218 /* Release */ = {
			isa = XCBuildConfiguration;
			buildSettings = {
				ALWAYS_SEARCH_USER_PATHS = NO;
				CLANG_ANALYZER_NONNULL = YES;
				CLANG_ANALYZER_NUMBER_OBJECT_CONVERSION = YES_AGGRESSIVE;
				CLANG_CXX_LANGUAGE_STANDARD = "gnu++20";
				CLANG_ENABLE_MODULES = YES;
				CLANG_ENABLE_OBJC_ARC = YES;
				CLANG_ENABLE_OBJC_WEAK = YES;
				CLANG_WARN_BLOCK_CAPTURE_AUTORELEASING = YES;
				CLANG_WARN_BOOL_CONVERSION = YES;
				CLANG_WARN_COMMA = YES;
				CLANG_WARN_CONSTANT_CONVERSION = YES;
				CLANG_WARN_DEPRECATED_OBJC_IMPLEMENTATIONS = YES;
				CLANG_WARN_DIRECT_OBJC_ISA_USAGE = YES_ERROR;
				CLANG_WARN_DOCUMENTATION_COMMENTS = YES;
				CLANG_WARN_EMPTY_BODY = YES;
				CLANG_WARN_ENUM_CONVERSION = YES;
				CLANG_WARN_INFINITE_RECURSION = YES;
				CLANG_WARN_INT_CONVERSION = YES;
				CLANG_WARN_NON_LITERAL_NULL_CONVERSION = YES;
				CLANG_WARN_OBJC_IMPLICIT_RETAIN_SELF = YES;
				CLANG_WARN_OBJC_LITERAL_CONVERSION = YES;
				CLANG_WARN_OBJC_ROOT_CLASS = YES_ERROR;
				CLANG_WARN_QUOTED_INCLUDE_IN_FRAMEWORK_HEADER = YES;
				CLANG_WARN_RANGE_LOOP_ANALYSIS = YES;
				CLANG_WARN_STRICT_PROTOTYPES = YES;
				CLANG_WARN_SUSPICIOUS_MOVE = YES;
				CLANG_WARN_UNGUARDED_AVAILABILITY = YES_AGGRESSIVE;
				CLANG_WARN_UNREACHABLE_CODE = YES;
				CLANG_WARN__DUPLICATE_METHOD_MATCH = YES;
				COPY_PHASE_STRIP = NO;
				DEBUG_INFORMATION_FORMAT = "dwarf-with-dsym";
				ENABLE_NS_ASSERTIONS = NO;
				ENABLE_STRICT_OBJC_MSGSEND = YES;
				GCC_C_LANGUAGE_STANDARD = gnu11;
				GCC_NO_COMMON_BLOCKS = YES;
				GCC_WARN_64_TO_32_BIT_CONVERSION = YES;
				GCC_WARN_ABOUT_RETURN_TYPE = YES_ERROR;
				GCC_WARN_UNDECLARED_SELECTOR = YES;
				GCC_WARN_UNINITIALIZED_AUTOS = YES_AGGRESSIVE;
				GCC_WARN_UNUSED_FUNCTION = YES;
				GCC_WARN_UNUSED_VARIABLE = YES;
				IPHONEOS_DEPLOYMENT_TARGET = 16.1;
				MTL_ENABLE_DEBUG_INFO = NO;
				MTL_FAST_MATH = YES;
				SDKROOT = iphoneos;
				SWIFT_COMPILATION_MODE = wholemodule;
				SWIFT_OPTIMIZATION_LEVEL = "-O";
				VALIDATE_PRODUCT = YES;
			};
			name = Release;
		};
		75F605272A8015D500A65218 /* Debug */ = {
			isa = XCBuildConfiguration;
			buildSettings = {
				ASSETCATALOG_COMPILER_APPICON_NAME = AppIcon;
				ASSETCATALOG_COMPILER_GLOBAL_ACCENT_COLOR_NAME = AccentColor;
				CODE_SIGN_STYLE = Automatic;
				CURRENT_PROJECT_VERSION = 1;
				DEVELOPMENT_ASSET_PATHS = "\"Bomb/Preview Content\"";
				DEVELOPMENT_TEAM = A5PP5569YS;
				ENABLE_PREVIEWS = YES;
				GENERATE_INFOPLIST_FILE = YES;
				INFOPLIST_KEY_UIApplicationSceneManifest_Generation = YES;
				INFOPLIST_KEY_UIApplicationSupportsIndirectInputEvents = YES;
				INFOPLIST_KEY_UILaunchScreen_Generation = YES;
				INFOPLIST_KEY_UISupportedInterfaceOrientations = UIInterfaceOrientationPortrait;
				INFOPLIST_KEY_UISupportedInterfaceOrientations_iPad = "UIInterfaceOrientationLandscapeLeft UIInterfaceOrientationLandscapeRight UIInterfaceOrientationPortrait UIInterfaceOrientationPortraitUpsideDown";
				IPHONEOS_DEPLOYMENT_TARGET = 15.0;
				LD_RUNPATH_SEARCH_PATHS = (
					"$(inherited)",
					"@executable_path/Frameworks",
				);
				MARKETING_VERSION = 1.0;
				PRODUCT_BUNDLE_IDENTIFIER = com.dsm5e.Bomb;
				PRODUCT_NAME = "$(TARGET_NAME)";
				SUPPORTED_PLATFORMS = "iphoneos iphonesimulator";
				SUPPORTS_MACCATALYST = NO;
				SUPPORTS_MAC_DESIGNED_FOR_IPHONE_IPAD = NO;
				SWIFT_EMIT_LOC_STRINGS = YES;
				SWIFT_VERSION = 5.0;
				TARGETED_DEVICE_FAMILY = 1;
			};
			name = Debug;
		};
		75F605282A8015D500A65218 /* Release */ = {
			isa = XCBuildConfiguration;
			buildSettings = {
				ASSETCATALOG_COMPILER_APPICON_NAME = AppIcon;
				ASSETCATALOG_COMPILER_GLOBAL_ACCENT_COLOR_NAME = AccentColor;
				CODE_SIGN_STYLE = Automatic;
				CURRENT_PROJECT_VERSION = 1;
				DEVELOPMENT_ASSET_PATHS = "\"Bomb/Preview Content\"";
				DEVELOPMENT_TEAM = A5PP5569YS;
				ENABLE_PREVIEWS = YES;
				GENERATE_INFOPLIST_FILE = YES;
				INFOPLIST_KEY_UIApplicationSceneManifest_Generation = YES;
				INFOPLIST_KEY_UIApplicationSupportsIndirectInputEvents = YES;
				INFOPLIST_KEY_UILaunchScreen_Generation = YES;
				INFOPLIST_KEY_UISupportedInterfaceOrientations = UIInterfaceOrientationPortrait;
				INFOPLIST_KEY_UISupportedInterfaceOrientations_iPad = "UIInterfaceOrientationLandscapeLeft UIInterfaceOrientationLandscapeRight UIInterfaceOrientationPortrait UIInterfaceOrientationPortraitUpsideDown";
				IPHONEOS_DEPLOYMENT_TARGET = 15.0;
				LD_RUNPATH_SEARCH_PATHS = (
					"$(inherited)",
					"@executable_path/Frameworks",
				);
				MARKETING_VERSION = 1.0;
				PRODUCT_BUNDLE_IDENTIFIER = com.dsm5e.Bomb;
				PRODUCT_NAME = "$(TARGET_NAME)";
				SUPPORTED_PLATFORMS = "iphoneos iphonesimulator";
				SUPPORTS_MACCATALYST = NO;
				SUPPORTS_MAC_DESIGNED_FOR_IPHONE_IPAD = NO;
				SWIFT_EMIT_LOC_STRINGS = YES;
				SWIFT_VERSION = 5.0;
				TARGETED_DEVICE_FAMILY = 1;
			};
			name = Release;
		};
		8657D3BC2A85A17F00CECC27 /* Debug */ = {
			isa = XCBuildConfiguration;
			buildSettings = {
				ASSETCATALOG_COMPILER_GENERATE_SWIFT_ASSET_SYMBOL_EXTENSIONS = YES;
				BUNDLE_LOADER = "$(TEST_HOST)";
				CODE_SIGN_STYLE = Automatic;
				CURRENT_PROJECT_VERSION = 1;
				DEVELOPMENT_TEAM = 4WQFD456R9;
				ENABLE_USER_SCRIPT_SANDBOXING = YES;
				GCC_C_LANGUAGE_STANDARD = gnu17;
				GENERATE_INFOPLIST_FILE = YES;
				IPHONEOS_DEPLOYMENT_TARGET = 15.0;
				LOCALIZATION_PREFERS_STRING_CATALOGS = YES;
				MARKETING_VERSION = 1.0;
				PRODUCT_BUNDLE_IDENTIFIER = ru.iliaByHimself.BombTests;
				PRODUCT_NAME = "$(TARGET_NAME)";
				SUPPORTED_PLATFORMS = "iphoneos iphonesimulator";
				SUPPORTS_MACCATALYST = NO;
				SUPPORTS_MAC_DESIGNED_FOR_IPHONE_IPAD = NO;
				SUPPORTS_XR_DESIGNED_FOR_IPHONE_IPAD = NO;
				SWIFT_ACTIVE_COMPILATION_CONDITIONS = "DEBUG $(inherited)";
				SWIFT_EMIT_LOC_STRINGS = NO;
				SWIFT_VERSION = 5.0;
				TARGETED_DEVICE_FAMILY = 1;
				TEST_HOST = "$(BUILT_PRODUCTS_DIR)/Bomb.app/$(BUNDLE_EXECUTABLE_FOLDER_PATH)/Bomb";
			};
			name = Debug;
		};
		8657D3BD2A85A17F00CECC27 /* Release */ = {
			isa = XCBuildConfiguration;
			buildSettings = {
				ASSETCATALOG_COMPILER_GENERATE_SWIFT_ASSET_SYMBOL_EXTENSIONS = YES;
				BUNDLE_LOADER = "$(TEST_HOST)";
				CODE_SIGN_STYLE = Automatic;
				CURRENT_PROJECT_VERSION = 1;
				DEVELOPMENT_TEAM = 4WQFD456R9;
				ENABLE_USER_SCRIPT_SANDBOXING = YES;
				GCC_C_LANGUAGE_STANDARD = gnu17;
				GENERATE_INFOPLIST_FILE = YES;
				IPHONEOS_DEPLOYMENT_TARGET = 15.0;
				LOCALIZATION_PREFERS_STRING_CATALOGS = YES;
				MARKETING_VERSION = 1.0;
				PRODUCT_BUNDLE_IDENTIFIER = ru.iliaByHimself.BombTests;
				PRODUCT_NAME = "$(TARGET_NAME)";
				SUPPORTED_PLATFORMS = "iphoneos iphonesimulator";
				SUPPORTS_MACCATALYST = NO;
				SUPPORTS_MAC_DESIGNED_FOR_IPHONE_IPAD = NO;
				SUPPORTS_XR_DESIGNED_FOR_IPHONE_IPAD = NO;
				SWIFT_EMIT_LOC_STRINGS = NO;
				SWIFT_VERSION = 5.0;
				TARGETED_DEVICE_FAMILY = 1;
				TEST_HOST = "$(BUILT_PRODUCTS_DIR)/Bomb.app/$(BUNDLE_EXECUTABLE_FOLDER_PATH)/Bomb";
			};
			name = Release;
		};
/* End XCBuildConfiguration section */

/* Begin XCConfigurationList section */
		75F605132A8015D400A65218 /* Build configuration list for PBXProject "Bomb" */ = {
			isa = XCConfigurationList;
			buildConfigurations = (
				75F605242A8015D500A65218 /* Debug */,
				75F605252A8015D500A65218 /* Release */,
			);
			defaultConfigurationIsVisible = 0;
			defaultConfigurationName = Release;
		};
		75F605262A8015D500A65218 /* Build configuration list for PBXNativeTarget "Bomb" */ = {
			isa = XCConfigurationList;
			buildConfigurations = (
				75F605272A8015D500A65218 /* Debug */,
				75F605282A8015D500A65218 /* Release */,
			);
			defaultConfigurationIsVisible = 0;
			defaultConfigurationName = Release;
		};
		8657D3BB2A85A17F00CECC27 /* Build configuration list for PBXNativeTarget "BombTests" */ = {
			isa = XCConfigurationList;
			buildConfigurations = (
				8657D3BC2A85A17F00CECC27 /* Debug */,
				8657D3BD2A85A17F00CECC27 /* Release */,
			);
			defaultConfigurationIsVisible = 0;
			defaultConfigurationName = Release;
		};
/* End XCConfigurationList section */

/* Begin XCRemoteSwiftPackageReference section */
		86A324F82A81717F0031B71D /* XCRemoteSwiftPackageReference "lottie-ios" */ = {
			isa = XCRemoteSwiftPackageReference;
			repositoryURL = "https://github.com/airbnb/lottie-ios";
			requirement = {
				kind = upToNextMajorVersion;
				minimumVersion = 4.2.0;
			};
		};
/* End XCRemoteSwiftPackageReference section */

/* Begin XCSwiftPackageProductDependency section */
		86A324F92A81717F0031B71D /* Lottie */ = {
			isa = XCSwiftPackageProductDependency;
			package = 86A324F82A81717F0031B71D /* XCRemoteSwiftPackageReference "lottie-ios" */;
			productName = Lottie;
		};
/* End XCSwiftPackageProductDependency section */
	};
	rootObject = 75F605102A8015D400A65218 /* Project object */;
}
