// !$*UTF8*$!
{
	archiveVersion = 1;
	classes = {
	};
	objectVersion = 56;
	objects = {

/* Begin PBXBuildFile section */
		75F6051C2A8015D400A65218 /* BombApp.swift in Sources */ = {isa = PBXBuildFile; fileRef = 75F6051B2A8015D400A65218 /* BombApp.swift */; };
		75F6051E2A8015D400A65218 /* ContentView.swift in Sources */ = {isa = PBXBuildFile; fileRef = 75F6051D2A8015D400A65218 /* ContentView.swift */; };
		75F605202A8015D500A65218 /* Assets.xcassets in Resources */ = {isa = PBXBuildFile; fileRef = 75F6051F2A8015D500A65218 /* Assets.xcassets */; };
		75F605232A8015D500A65218 /* Preview Assets.xcassets in Resources */ = {isa = PBXBuildFile; fileRef = 75F605222A8015D500A65218 /* Preview Assets.xcassets */; };
		75F605302A81084600A65218 /* Color + ext.swift in Sources */ = {isa = PBXBuildFile; fileRef = 75F6052F2A81084600A65218 /* Color + ext.swift */; };
		8612B2F22A81865A00CD7CE4 /* TimerService.swift in Sources */ = {isa = PBXBuildFile; fileRef = 8612B2F12A81865A00CD7CE4 /* TimerService.swift */; };
		8657D30D2A8395EA00CECC27 /* BackButton.swift in Sources */ = {isa = PBXBuildFile; fileRef = 8657D30C2A8395EA00CECC27 /* BackButton.swift */; };
		8657D30F2A83976500CECC27 /* PlainButton.swift in Sources */ = {isa = PBXBuildFile; fileRef = 8657D30E2A83976500CECC27 /* PlainButton.swift */; };
		8657D3112A8398FD00CECC27 /* Font+.swift in Sources */ = {isa = PBXBuildFile; fileRef = 8657D3102A8398FD00CECC27 /* Font+.swift */; };
		8657D3142A839EC200CECC27 /* PauseButton.swift in Sources */ = {isa = PBXBuildFile; fileRef = 8657D3132A839EC200CECC27 /* PauseButton.swift */; };
		8657D3192A83A49B00CECC27 /* AssetImage.swift in Sources */ = {isa = PBXBuildFile; fileRef = 8657D3182A83A49B00CECC27 /* AssetImage.swift */; };
		8657D31B2A83BB6700CECC27 /* GameOverSheet.swift in Sources */ = {isa = PBXBuildFile; fileRef = 8657D31A2A83BB6700CECC27 /* GameOverSheet.swift */; };
		8657D31D2A83C48A00CECC27 /* Localization.swift in Sources */ = {isa = PBXBuildFile; fileRef = 8657D31C2A83C48A00CECC27 /* Localization.swift */; };
		865E46D02A81733F00B26707 /* GameStore.swift in Sources */ = {isa = PBXBuildFile; fileRef = 865E46CF2A81733F00B26707 /* GameStore.swift */; };
		86A1B1932A81782B00587042 /* GameDomainTests.swift in Sources */ = {isa = PBXBuildFile; fileRef = 86A1B1922A81782B00587042 /* GameDomainTests.swift */; };
		86A324F72A816F180031B71D /* GameDomain.swift in Sources */ = {isa = PBXBuildFile; fileRef = 86A324F62A816F180031B71D /* GameDomain.swift */; };
		86A324FA2A81717F0031B71D /* Lottie in Frameworks */ = {isa = PBXBuildFile; productRef = 86A324F92A81717F0031B71D /* Lottie */; };
		86A324FD2A8172370031B71D /* BombAnimation.json in Resources */ = {isa = PBXBuildFile; fileRef = 86A324FC2A8172370031B71D /* BombAnimation.json */; };
		86B823852A819DCD00E3EF74 /* GameFlow.swift in Sources */ = {isa = PBXBuildFile; fileRef = 86B823842A819DCD00E3EF74 /* GameFlow.swift */; };
		86B9B3B32A818D05001C1E63 /* GameView.swift in Sources */ = {isa = PBXBuildFile; fileRef = 86B9B3B22A818D04001C1E63 /* GameView.swift */; };
		86CEC6AC2A8298FE002792D3 /* LottieView.swift in Sources */ = {isa = PBXBuildFile; fileRef = 86CEC6AB2A8298FE002792D3 /* LottieView.swift */; };
		86E8D1352A8194E300B74EBA /* AudioPlayer.swift in Sources */ = {isa = PBXBuildFile; fileRef = 86E8D1342A8194E300B74EBA /* AudioPlayer.swift */; };
		86E8D1382A81965F00B74EBA /* bombTick.mp3 in Resources */ = {isa = PBXBuildFile; fileRef = 86E8D1372A81965F00B74EBA /* bombTick.mp3 */; };
/* End PBXBuildFile section */

/* Begin PBXContainerItemProxy section */
		865E46D92A81778D00B26707 /* PBXContainerItemProxy */ = {
			isa = PBXContainerItemProxy;
			containerPortal = 75F605102A8015D400A65218 /* Project object */;
			proxyType = 1;
			remoteGlobalIDString = 75F605172A8015D400A65218;
			remoteInfo = Bomb;
		};
/* End PBXContainerItemProxy section */

/* Begin PBXFileReference section */
		75F605182A8015D400A65218 /* Bomb.app */ = {isa = PBXFileReference; explicitFileType = wrapper.application; includeInIndex = 0; path = Bomb.app; sourceTree = BUILT_PRODUCTS_DIR; };
		75F6051B2A8015D400A65218 /* BombApp.swift */ = {isa = PBXFileReference; lastKnownFileType = sourcecode.swift; path = BombApp.swift; sourceTree = "<group>"; };
		75F6051D2A8015D400A65218 /* ContentView.swift */ = {isa = PBXFileReference; lastKnownFileType = sourcecode.swift; path = ContentView.swift; sourceTree = "<group>"; };
		75F6051F2A8015D500A65218 /* Assets.xcassets */ = {isa = PBXFileReference; lastKnownFileType = folder.assetcatalog; path = Assets.xcassets; sourceTree = "<group>"; };
		75F605222A8015D500A65218 /* Preview Assets.xcassets */ = {isa = PBXFileReference; lastKnownFileType = folder.assetcatalog; path = "Preview Assets.xcassets"; sourceTree = "<group>"; };
		75F6052F2A81084600A65218 /* Color + ext.swift */ = {isa = PBXFileReference; lastKnownFileType = sourcecode.swift; path = "Color + ext.swift"; sourceTree = "<group>"; };
		8612B2F12A81865A00CD7CE4 /* TimerService.swift */ = {isa = PBXFileReference; fileEncoding = 4; lastKnownFileType = sourcecode.swift; path = TimerService.swift; sourceTree = "<group>"; };
		8657D30C2A8395EA00CECC27 /* BackButton.swift */ = {isa = PBXFileReference; lastKnownFileType = sourcecode.swift; path = BackButton.swift; sourceTree = "<group>"; };
		8657D30E2A83976500CECC27 /* PlainButton.swift */ = {isa = PBXFileReference; lastKnownFileType = sourcecode.swift; path = PlainButton.swift; sourceTree = "<group>"; };
		8657D3102A8398FD00CECC27 /* Font+.swift */ = {isa = PBXFileReference; lastKnownFileType = sourcecode.swift; path = "Font+.swift"; sourceTree = "<group>"; };
		8657D3132A839EC200CECC27 /* PauseButton.swift */ = {isa = PBXFileReference; lastKnownFileType = sourcecode.swift; path = PauseButton.swift; sourceTree = "<group>"; };
		8657D3182A83A49B00CECC27 /* AssetImage.swift */ = {isa = PBXFileReference; lastKnownFileType = sourcecode.swift; path = AssetImage.swift; sourceTree = "<group>"; };
		8657D31A2A83BB6700CECC27 /* GameOverSheet.swift */ = {isa = PBXFileReference; lastKnownFileType = sourcecode.swift; path = GameOverSheet.swift; sourceTree = "<group>"; };
		8657D31C2A83C48A00CECC27 /* Localization.swift */ = {isa = PBXFileReference; lastKnownFileType = sourcecode.swift; path = Localization.swift; sourceTree = "<group>"; };
		865E46CF2A81733F00B26707 /* GameStore.swift */ = {isa = PBXFileReference; fileEncoding = 4; lastKnownFileType = sourcecode.swift; path = GameStore.swift; sourceTree = "<group>"; };
		865E46D52A81778D00B26707 /* BombTests.xctest */ = {isa = PBXFileReference; explicitFileType = wrapper.cfbundle; includeInIndex = 0; path = BombTests.xctest; sourceTree = BUILT_PRODUCTS_DIR; };
		86A1B1922A81782B00587042 /* GameDomainTests.swift */ = {isa = PBXFileReference; fileEncoding = 4; lastKnownFileType = sourcecode.swift; path = GameDomainTests.swift; sourceTree = "<group>"; };
		86A324F62A816F180031B71D /* GameDomain.swift */ = {isa = PBXFileReference; fileEncoding = 4; lastKnownFileType = sourcecode.swift; path = GameDomain.swift; sourceTree = "<group>"; };
		86A324FC2A8172370031B71D /* BombAnimation.json */ = {isa = PBXFileReference; fileEncoding = 4; lastKnownFileType = text.json; path = BombAnimation.json; sourceTree = "<group>"; };
		86B823842A819DCD00E3EF74 /* GameFlow.swift */ = {isa = PBXFileReference; fileEncoding = 4; lastKnownFileType = sourcecode.swift; path = GameFlow.swift; sourceTree = "<group>"; };
		86B9B3B22A818D04001C1E63 /* GameView.swift */ = {isa = PBXFileReference; fileEncoding = 4; lastKnownFileType = sourcecode.swift; path = GameView.swift; sourceTree = "<group>"; };
		86CEC6AB2A8298FE002792D3 /* LottieView.swift */ = {isa = PBXFileReference; fileEncoding = 4; lastKnownFileType = sourcecode.swift; path = LottieView.swift; sourceTree = "<group>"; };
		86E8D1342A8194E300B74EBA /* AudioPlayer.swift */ = {isa = PBXFileReference; fileEncoding = 4; lastKnownFileType = sourcecode.swift; path = AudioPlayer.swift; sourceTree = "<group>"; };
		86E8D1372A81965F00B74EBA /* bombTick.mp3 */ = {isa = PBXFileReference; lastKnownFileType = audio.mp3; path = bombTick.mp3; sourceTree = "<group>"; };
/* End PBXFileReference section */

/* Begin PBXFrameworksBuildPhase section */
		75F605152A8015D400A65218 /* Frameworks */ = {
			isa = PBXFrameworksBuildPhase;
			buildActionMask = 2147483647;
			files = (
				86A324FA2A81717F0031B71D /* Lottie in Frameworks */,
			);
			runOnlyForDeploymentPostprocessing = 0;
		};
		865E46D22A81778D00B26707 /* Frameworks */ = {
			isa = PBXFrameworksBuildPhase;
			buildActionMask = 2147483647;
			files = (
			);
			runOnlyForDeploymentPostprocessing = 0;
		};
/* End PBXFrameworksBuildPhase section */

/* Begin PBXGroup section */
		75F6050F2A8015D400A65218 = {
			isa = PBXGroup;
			children = (
				75F6051A2A8015D400A65218 /* Bomb */,
				865E46D62A81778D00B26707 /* BombTests */,
				75F605192A8015D400A65218 /* Products */,
			);
			sourceTree = "<group>";
		};
		75F605192A8015D400A65218 /* Products */ = {
			isa = PBXGroup;
			children = (
				75F605182A8015D400A65218 /* Bomb.app */,
				865E46D52A81778D00B26707 /* BombTests.xctest */,
			);
			name = Products;
			sourceTree = "<group>";
		};
		75F6051A2A8015D400A65218 /* Bomb */ = {
			isa = PBXGroup;
			children = (
				86E8D1362A8194EB00B74EBA /* Services */,
				86A324FB2A8172370031B71D /* LottieAnimations */,
				864190C32A816EAA0068632B /* GameModule */,
				75F605312A81085800A65218 /* Extentions */,
				75F6051B2A8015D400A65218 /* BombApp.swift */,
				75F6051D2A8015D400A65218 /* ContentView.swift */,
				75F6051F2A8015D500A65218 /* Assets.xcassets */,
				75F605212A8015D500A65218 /* Preview Content */,
			);
			path = Bomb;
			sourceTree = "<group>";
		};
		75F605212A8015D500A65218 /* Preview Content */ = {
			isa = PBXGroup;
			children = (
				75F605222A8015D500A65218 /* Preview Assets.xcassets */,
			);
			path = "Preview Content";
			sourceTree = "<group>";
		};
		75F605312A81085800A65218 /* Extentions */ = {
			isa = PBXGroup;
			children = (
				8657D3102A8398FD00CECC27 /* Font+.swift */,
				75F6052F2A81084600A65218 /* Color + ext.swift */,
			);
			path = Extentions;
			sourceTree = "<group>";
		};
		864190C32A816EAA0068632B /* GameModule */ = {
			isa = PBXGroup;
			children = (
				86E8D13B2A819D9D00B74EBA /* Model */,
				86E8D13A2A819D3A00B74EBA /* View */,
				86E8D1392A819D2800B74EBA /* UDF */,
			);
			path = GameModule;
			sourceTree = "<group>";
		};
		8657D3122A839EAB00CECC27 /* ToolbarItems */ = {
			isa = PBXGroup;
			children = (
				8657D30C2A8395EA00CECC27 /* BackButton.swift */,
				8657D3132A839EC200CECC27 /* PauseButton.swift */,
			);
			path = ToolbarItems;
			sourceTree = "<group>";
		};
		8657D3152A83A25F00CECC27 /* Subviews */ = {
			isa = PBXGroup;
			children = (
				86CEC6AB2A8298FE002792D3 /* LottieView.swift */,
				8657D30E2A83976500CECC27 /* PlainButton.swift */,
				8657D3182A83A49B00CECC27 /* AssetImage.swift */,
			);
			path = Subviews;
			sourceTree = "<group>";
		};
		865E46D62A81778D00B26707 /* BombTests */ = {
			isa = PBXGroup;
			children = (
				86A1B1922A81782B00587042 /* GameDomainTests.swift */,
			);
			path = BombTests;
			sourceTree = "<group>";
		};
		86A324FB2A8172370031B71D /* LottieAnimations */ = {
			isa = PBXGroup;
			children = (
				86A324FC2A8172370031B71D /* BombAnimation.json */,
			);
			path = LottieAnimations;
			sourceTree = "<group>";
		};
		86E8D1362A8194EB00B74EBA /* Services */ = {
			isa = PBXGroup;
			children = (
				86E8D1372A81965F00B74EBA /* bombTick.mp3 */,
				8612B2F12A81865A00CD7CE4 /* TimerService.swift */,
				86E8D1342A8194E300B74EBA /* AudioPlayer.swift */,
			);
			path = Services;
			sourceTree = "<group>";
		};
		86E8D1392A819D2800B74EBA /* UDF */ = {
			isa = PBXGroup;
			children = (
				865E46CF2A81733F00B26707 /* GameStore.swift */,
				86A324F62A816F180031B71D /* GameDomain.swift */,
			);
			path = UDF;
			sourceTree = "<group>";
		};
		86E8D13A2A819D3A00B74EBA /* View */ = {
			isa = PBXGroup;
			children = (
				8657D3152A83A25F00CECC27 /* Subviews */,
				8657D3122A839EAB00CECC27 /* ToolbarItems */,
				86B9B3B22A818D04001C1E63 /* GameView.swift */,
				8657D31A2A83BB6700CECC27 /* GameOverSheet.swift */,
				8657D31C2A83C48A00CECC27 /* Localization.swift */,
			);
			path = View;
			sourceTree = "<group>";
		};
		86E8D13B2A819D9D00B74EBA /* Model */ = {
			isa = PBXGroup;
			children = (
				86B823842A819DCD00E3EF74 /* GameFlow.swift */,
			);
			path = Model;
			sourceTree = "<group>";
		};
/* End PBXGroup section */

/* Begin PBXNativeTarget section */
		75F605172A8015D400A65218 /* Bomb */ = {
			isa = PBXNativeTarget;
			buildConfigurationList = 75F605262A8015D500A65218 /* Build configuration list for PBXNativeTarget "Bomb" */;
			buildPhases = (
				75F605142A8015D400A65218 /* Sources */,
				75F605152A8015D400A65218 /* Frameworks */,
				75F605162A8015D400A65218 /* Resources */,
			);
			buildRules = (
			);
			dependencies = (
			);
			name = Bomb;
			packageProductDependencies = (
				86A324F92A81717F0031B71D /* Lottie */,
			);
			productName = Bomb;
			productReference = 75F605182A8015D400A65218 /* Bomb.app */;
			productType = "com.apple.product-type.application";
		};
		865E46D42A81778D00B26707 /* BombTests */ = {
			isa = PBXNativeTarget;
			buildConfigurationList = 865E46DB2A81778D00B26707 /* Build configuration list for PBXNativeTarget "BombTests" */;
			buildPhases = (
				865E46D12A81778D00B26707 /* Sources */,
				865E46D22A81778D00B26707 /* Frameworks */,
				865E46D32A81778D00B26707 /* Resources */,
			);
			buildRules = (
			);
			dependencies = (
				865E46DA2A81778D00B26707 /* PBXTargetDependency */,
			);
			name = BombTests;
			productName = BombTests;
			productReference = 865E46D52A81778D00B26707 /* BombTests.xctest */;
			productType = "com.apple.product-type.bundle.unit-test";
		};
/* End PBXNativeTarget section */

/* Begin PBXProject section */
		75F605102A8015D400A65218 /* Project object */ = {
			isa = PBXProject;
			attributes = {
				BuildIndependentTargetsInParallel = 1;
				LastSwiftUpdateCheck = 1500;
				LastUpgradeCheck = 1410;
				TargetAttributes = {
					75F605172A8015D400A65218 = {
						CreatedOnToolsVersion = 14.1;
					};
					865E46D42A81778D00B26707 = {
						CreatedOnToolsVersion = 15.0;
						LastSwiftMigration = 1500;
						TestTargetID = 75F605172A8015D400A65218;
					};
				};
			};
			buildConfigurationList = 75F605132A8015D400A65218 /* Build configuration list for PBXProject "Bomb" */;
			compatibilityVersion = "Xcode 14.0";
			developmentRegion = en;
			hasScannedForEncodings = 0;
			knownRegions = (
				en,
				Base,
			);
			mainGroup = 75F6050F2A8015D400A65218;
			packageReferences = (
				86A324F82A81717F0031B71D /* XCRemoteSwiftPackageReference "lottie-ios" */,
			);
			productRefGroup = 75F605192A8015D400A65218 /* Products */;
			projectDirPath = "";
			projectRoot = "";
			targets = (
				75F605172A8015D400A65218 /* Bomb */,
				865E46D42A81778D00B26707 /* BombTests */,
			);
		};
/* End PBXProject section */

/* Begin PBXResourcesBuildPhase section */
		75F605162A8015D400A65218 /* Resources */ = {
			isa = PBXResourcesBuildPhase;
			buildActionMask = 2147483647;
			files = (
				75F605232A8015D500A65218 /* Preview Assets.xcassets in Resources */,
				86E8D1382A81965F00B74EBA /* bombTick.mp3 in Resources */,
				86A324FD2A8172370031B71D /* BombAnimation.json in Resources */,
				75F605202A8015D500A65218 /* Assets.xcassets in Resources */,
			);
			runOnlyForDeploymentPostprocessing = 0;
		};
		865E46D32A81778D00B26707 /* Resources */ = {
			isa = PBXResourcesBuildPhase;
			buildActionMask = 2147483647;
			files = (
			);
			runOnlyForDeploymentPostprocessing = 0;
		};
/* End PBXResourcesBuildPhase section */

/* Begin PBXSourcesBuildPhase section */
		75F605142A8015D400A65218 /* Sources */ = {
			isa = PBXSourcesBuildPhase;
			buildActionMask = 2147483647;
			files = (
				8657D30F2A83976500CECC27 /* PlainButton.swift in Sources */,
				8657D31D2A83C48A00CECC27 /* Localization.swift in Sources */,
				75F6051E2A8015D400A65218 /* ContentView.swift in Sources */,
				86A324F72A816F180031B71D /* GameDomain.swift in Sources */,
				8657D30D2A8395EA00CECC27 /* BackButton.swift in Sources */,
				8657D3112A8398FD00CECC27 /* Font+.swift in Sources */,
				75F6051C2A8015D400A65218 /* BombApp.swift in Sources */,
				8657D3142A839EC200CECC27 /* PauseButton.swift in Sources */,
				86E8D1352A8194E300B74EBA /* AudioPlayer.swift in Sources */,
				8612B2F22A81865A00CD7CE4 /* TimerService.swift in Sources */,
				865E46D02A81733F00B26707 /* GameStore.swift in Sources */,
				75F605302A81084600A65218 /* Color + ext.swift in Sources */,
				86CEC6AC2A8298FE002792D3 /* LottieView.swift in Sources */,
				86B9B3B32A818D05001C1E63 /* GameView.swift in Sources */,
				8657D31B2A83BB6700CECC27 /* GameOverSheet.swift in Sources */,
				86B823852A819DCD00E3EF74 /* GameFlow.swift in Sources */,
				8657D3192A83A49B00CECC27 /* AssetImage.swift in Sources */,
			);
			runOnlyForDeploymentPostprocessing = 0;
		};
		865E46D12A81778D00B26707 /* Sources */ = {
			isa = PBXSourcesBuildPhase;
			buildActionMask = 2147483647;
			files = (
				86A1B1932A81782B00587042 /* GameDomainTests.swift in Sources */,
			);
			runOnlyForDeploymentPostprocessing = 0;
		};
/* End PBXSourcesBuildPhase section */

/* Begin PBXTargetDependency section */
		865E46DA2A81778D00B26707 /* PBXTargetDependency */ = {
			isa = PBXTargetDependency;
			target = 75F605172A8015D400A65218 /* Bomb */;
			targetProxy = 865E46D92A81778D00B26707 /* PBXContainerItemProxy */;
		};
/* End PBXTargetDependency section */

/* Begin XCBuildConfiguration section */
		75F605242A8015D500A65218 /* Debug */ = {
			isa = XCBuildConfiguration;
			buildSettings = {
				ALWAYS_SEARCH_USER_PATHS = NO;
				CLANG_ANALYZER_NONNULL = YES;
				CLANG_ANALYZER_NUMBER_OBJECT_CONVERSION = YES_AGGRESSIVE;
				CLANG_CXX_LANGUAGE_STANDARD = "gnu++20";
				CLANG_ENABLE_MODULES = YES;
				CLANG_ENABLE_OBJC_ARC = YES;
				CLANG_ENABLE_OBJC_WEAK = YES;
				CLANG_WARN_BLOCK_CAPTURE_AUTORELEASING = YES;
				CLANG_WARN_BOOL_CONVERSION = YES;
				CLANG_WARN_COMMA = YES;
				CLANG_WARN_CONSTANT_CONVERSION = YES;
				CLANG_WARN_DEPRECATED_OBJC_IMPLEMENTATIONS = YES;
				CLANG_WARN_DIRECT_OBJC_ISA_USAGE = YES_ERROR;
				CLANG_WARN_DOCUMENTATION_COMMENTS = YES;
				CLANG_WARN_EMPTY_BODY = YES;
				CLANG_WARN_ENUM_CONVERSION = YES;
				CLANG_WARN_INFINITE_RECURSION = YES;
				CLANG_WARN_INT_CONVERSION = YES;
				CLANG_WARN_NON_LITERAL_NULL_CONVERSION = YES;
				CLANG_WARN_OBJC_IMPLICIT_RETAIN_SELF = YES;
				CLANG_WARN_OBJC_LITERAL_CONVERSION = YES;
				CLANG_WARN_OBJC_ROOT_CLASS = YES_ERROR;
				CLANG_WARN_QUOTED_INCLUDE_IN_FRAMEWORK_HEADER = YES;
				CLANG_WARN_RANGE_LOOP_ANALYSIS = YES;
				CLANG_WARN_STRICT_PROTOTYPES = YES;
				CLANG_WARN_SUSPICIOUS_MOVE = YES;
				CLANG_WARN_UNGUARDED_AVAILABILITY = YES_AGGRESSIVE;
				CLANG_WARN_UNREACHABLE_CODE = YES;
				CLANG_WARN__DUPLICATE_METHOD_MATCH = YES;
				COPY_PHASE_STRIP = NO;
				DEBUG_INFORMATION_FORMAT = dwarf;
				ENABLE_STRICT_OBJC_MSGSEND = YES;
				ENABLE_TESTABILITY = YES;
				GCC_C_LANGUAGE_STANDARD = gnu11;
				GCC_DYNAMIC_NO_PIC = NO;
				GCC_NO_COMMON_BLOCKS = YES;
				GCC_OPTIMIZATION_LEVEL = 0;
				GCC_PREPROCESSOR_DEFINITIONS = (
					"DEBUG=1",
					"$(inherited)",
				);
				GCC_WARN_64_TO_32_BIT_CONVERSION = YES;
				GCC_WARN_ABOUT_RETURN_TYPE = YES_ERROR;
				GCC_WARN_UNDECLARED_SELECTOR = YES;
				GCC_WARN_UNINITIALIZED_AUTOS = YES_AGGRESSIVE;
				GCC_WARN_UNUSED_FUNCTION = YES;
				GCC_WARN_UNUSED_VARIABLE = YES;
				IPHONEOS_DEPLOYMENT_TARGET = 16.1;
				MTL_ENABLE_DEBUG_INFO = INCLUDE_SOURCE;
				MTL_FAST_MATH = YES;
				ONLY_ACTIVE_ARCH = YES;
				SDKROOT = iphoneos;
				SWIFT_ACTIVE_COMPILATION_CONDITIONS = DEBUG;
				SWIFT_OPTIMIZATION_LEVEL = "-Onone";
			};
			name = Debug;
		};
		75F605252A8015D500A65218 /* Release */ = {
			isa = XCBuildConfiguration;
			buildSettings = {
				ALWAYS_SEARCH_USER_PATHS = NO;
				CLANG_ANALYZER_NONNULL = YES;
				CLANG_ANALYZER_NUMBER_OBJECT_CONVERSION = YES_AGGRESSIVE;
				CLANG_CXX_LANGUAGE_STANDARD = "gnu++20";
				CLANG_ENABLE_MODULES = YES;
				CLANG_ENABLE_OBJC_ARC = YES;
				CLANG_ENABLE_OBJC_WEAK = YES;
				CLANG_WARN_BLOCK_CAPTURE_AUTORELEASING = YES;
				CLANG_WARN_BOOL_CONVERSION = YES;
				CLANG_WARN_COMMA = YES;
				CLANG_WARN_CONSTANT_CONVERSION = YES;
				CLANG_WARN_DEPRECATED_OBJC_IMPLEMENTATIONS = YES;
				CLANG_WARN_DIRECT_OBJC_ISA_USAGE = YES_ERROR;
				CLANG_WARN_DOCUMENTATION_COMMENTS = YES;
				CLANG_WARN_EMPTY_BODY = YES;
				CLANG_WARN_ENUM_CONVERSION = YES;
				CLANG_WARN_INFINITE_RECURSION = YES;
				CLANG_WARN_INT_CONVERSION = YES;
				CLANG_WARN_NON_LITERAL_NULL_CONVERSION = YES;
				CLANG_WARN_OBJC_IMPLICIT_RETAIN_SELF = YES;
				CLANG_WARN_OBJC_LITERAL_CONVERSION = YES;
				CLANG_WARN_OBJC_ROOT_CLASS = YES_ERROR;
				CLANG_WARN_QUOTED_INCLUDE_IN_FRAMEWORK_HEADER = YES;
				CLANG_WARN_RANGE_LOOP_ANALYSIS = YES;
				CLANG_WARN_STRICT_PROTOTYPES = YES;
				CLANG_WARN_SUSPICIOUS_MOVE = YES;
				CLANG_WARN_UNGUARDED_AVAILABILITY = YES_AGGRESSIVE;
				CLANG_WARN_UNREACHABLE_CODE = YES;
				CLANG_WARN__DUPLICATE_METHOD_MATCH = YES;
				COPY_PHASE_STRIP = NO;
				DEBUG_INFORMATION_FORMAT = "dwarf-with-dsym";
				ENABLE_NS_ASSERTIONS = NO;
				ENABLE_STRICT_OBJC_MSGSEND = YES;
				GCC_C_LANGUAGE_STANDARD = gnu11;
				GCC_NO_COMMON_BLOCKS = YES;
				GCC_WARN_64_TO_32_BIT_CONVERSION = YES;
				GCC_WARN_ABOUT_RETURN_TYPE = YES_ERROR;
				GCC_WARN_UNDECLARED_SELECTOR = YES;
				GCC_WARN_UNINITIALIZED_AUTOS = YES_AGGRESSIVE;
				GCC_WARN_UNUSED_FUNCTION = YES;
				GCC_WARN_UNUSED_VARIABLE = YES;
				IPHONEOS_DEPLOYMENT_TARGET = 16.1;
				MTL_ENABLE_DEBUG_INFO = NO;
				MTL_FAST_MATH = YES;
				SDKROOT = iphoneos;
				SWIFT_COMPILATION_MODE = wholemodule;
				SWIFT_OPTIMIZATION_LEVEL = "-O";
				VALIDATE_PRODUCT = YES;
			};
			name = Release;
		};
		75F605272A8015D500A65218 /* Debug */ = {
			isa = XCBuildConfiguration;
			buildSettings = {
				ASSETCATALOG_COMPILER_APPICON_NAME = AppIcon;
				ASSETCATALOG_COMPILER_GLOBAL_ACCENT_COLOR_NAME = AccentColor;
				CODE_SIGN_STYLE = Automatic;
				CURRENT_PROJECT_VERSION = 1;
				DEVELOPMENT_ASSET_PATHS = "\"Bomb/Preview Content\"";
				DEVELOPMENT_TEAM = M87C32M9C3;
				ENABLE_PREVIEWS = YES;
				GENERATE_INFOPLIST_FILE = YES;
				INFOPLIST_KEY_UIApplicationSceneManifest_Generation = YES;
				INFOPLIST_KEY_UIApplicationSupportsIndirectInputEvents = YES;
				INFOPLIST_KEY_UILaunchScreen_Generation = YES;
				INFOPLIST_KEY_UISupportedInterfaceOrientations = UIInterfaceOrientationPortrait;
				INFOPLIST_KEY_UISupportedInterfaceOrientations_iPad = "UIInterfaceOrientationLandscapeLeft UIInterfaceOrientationLandscapeRight UIInterfaceOrientationPortrait UIInterfaceOrientationPortraitUpsideDown";
				IPHONEOS_DEPLOYMENT_TARGET = 15.0;
				LD_RUNPATH_SEARCH_PATHS = (
					"$(inherited)",
					"@executable_path/Frameworks",
				);
				MARKETING_VERSION = 1.0;
				PRODUCT_BUNDLE_IDENTIFIER = com.tacarlen.Bomb;
				PRODUCT_NAME = "$(TARGET_NAME)";
				SUPPORTED_PLATFORMS = "iphoneos iphonesimulator";
				SUPPORTS_MACCATALYST = NO;
				SUPPORTS_MAC_DESIGNED_FOR_IPHONE_IPAD = NO;
				SWIFT_EMIT_LOC_STRINGS = YES;
				SWIFT_VERSION = 5.0;
				TARGETED_DEVICE_FAMILY = 1;
			};
			name = Debug;
		};
		75F605282A8015D500A65218 /* Release */ = {
			isa = XCBuildConfiguration;
			buildSettings = {
				ASSETCATALOG_COMPILER_APPICON_NAME = AppIcon;
				ASSETCATALOG_COMPILER_GLOBAL_ACCENT_COLOR_NAME = AccentColor;
				CODE_SIGN_STYLE = Automatic;
				CURRENT_PROJECT_VERSION = 1;
				DEVELOPMENT_ASSET_PATHS = "\"Bomb/Preview Content\"";
				DEVELOPMENT_TEAM = M87C32M9C3;
				ENABLE_PREVIEWS = YES;
				GENERATE_INFOPLIST_FILE = YES;
				INFOPLIST_KEY_UIApplicationSceneManifest_Generation = YES;
				INFOPLIST_KEY_UIApplicationSupportsIndirectInputEvents = YES;
				INFOPLIST_KEY_UILaunchScreen_Generation = YES;
				INFOPLIST_KEY_UISupportedInterfaceOrientations = UIInterfaceOrientationPortrait;
				INFOPLIST_KEY_UISupportedInterfaceOrientations_iPad = "UIInterfaceOrientationLandscapeLeft UIInterfaceOrientationLandscapeRight UIInterfaceOrientationPortrait UIInterfaceOrientationPortraitUpsideDown";
				IPHONEOS_DEPLOYMENT_TARGET = 15.0;
				LD_RUNPATH_SEARCH_PATHS = (
					"$(inherited)",
					"@executable_path/Frameworks",
				);
				MARKETING_VERSION = 1.0;
				PRODUCT_BUNDLE_IDENTIFIER = com.tacarlen.Bomb;
				PRODUCT_NAME = "$(TARGET_NAME)";
				SUPPORTED_PLATFORMS = "iphoneos iphonesimulator";
				SUPPORTS_MACCATALYST = NO;
				SUPPORTS_MAC_DESIGNED_FOR_IPHONE_IPAD = NO;
				SWIFT_EMIT_LOC_STRINGS = YES;
				SWIFT_VERSION = 5.0;
				TARGETED_DEVICE_FAMILY = 1;
			};
			name = Release;
		};
		865E46DC2A81778D00B26707 /* Debug */ = {
			isa = XCBuildConfiguration;
			buildSettings = {
				ASSETCATALOG_COMPILER_GENERATE_SWIFT_ASSET_SYMBOL_EXTENSIONS = YES;
				BUNDLE_LOADER = "$(TEST_HOST)";
				CLANG_ENABLE_MODULES = YES;
				CODE_SIGN_STYLE = Automatic;
				CURRENT_PROJECT_VERSION = 1;
				DEVELOPMENT_TEAM = 4WQFD456R9;
				ENABLE_USER_SCRIPT_SANDBOXING = YES;
				GCC_C_LANGUAGE_STANDARD = gnu17;
				GENERATE_INFOPLIST_FILE = YES;
				IPHONEOS_DEPLOYMENT_TARGET = 15.0;
				LOCALIZATION_PREFERS_STRING_CATALOGS = YES;
				MARKETING_VERSION = 1.0;
				PRODUCT_BUNDLE_IDENTIFIER = ru.iliaByHimself.BombTests;
				PRODUCT_NAME = "$(TARGET_NAME)";
				SUPPORTED_PLATFORMS = "iphoneos iphonesimulator";
				SUPPORTS_MACCATALYST = NO;
				SUPPORTS_MAC_DESIGNED_FOR_IPHONE_IPAD = NO;
				SUPPORTS_XR_DESIGNED_FOR_IPHONE_IPAD = NO;
				SWIFT_ACTIVE_COMPILATION_CONDITIONS = "DEBUG $(inherited)";
				SWIFT_EMIT_LOC_STRINGS = NO;
				SWIFT_OPTIMIZATION_LEVEL = "-Onone";
				SWIFT_VERSION = 5.0;
				TARGETED_DEVICE_FAMILY = 1;
				TEST_HOST = "$(BUILT_PRODUCTS_DIR)/Bomb.app/$(BUNDLE_EXECUTABLE_FOLDER_PATH)/Bomb";
			};
			name = Debug;
		};
		865E46DD2A81778D00B26707 /* Release */ = {
			isa = XCBuildConfiguration;
			buildSettings = {
				ASSETCATALOG_COMPILER_GENERATE_SWIFT_ASSET_SYMBOL_EXTENSIONS = YES;
				BUNDLE_LOADER = "$(TEST_HOST)";
				CLANG_ENABLE_MODULES = YES;
				CODE_SIGN_STYLE = Automatic;
				CURRENT_PROJECT_VERSION = 1;
				DEVELOPMENT_TEAM = 4WQFD456R9;
				ENABLE_USER_SCRIPT_SANDBOXING = YES;
				GCC_C_LANGUAGE_STANDARD = gnu17;
				GENERATE_INFOPLIST_FILE = YES;
				IPHONEOS_DEPLOYMENT_TARGET = 15.0;
				LOCALIZATION_PREFERS_STRING_CATALOGS = YES;
				MARKETING_VERSION = 1.0;
				PRODUCT_BUNDLE_IDENTIFIER = ru.iliaByHimself.BombTests;
				PRODUCT_NAME = "$(TARGET_NAME)";
				SUPPORTED_PLATFORMS = "iphoneos iphonesimulator";
				SUPPORTS_MACCATALYST = NO;
				SUPPORTS_MAC_DESIGNED_FOR_IPHONE_IPAD = NO;
				SUPPORTS_XR_DESIGNED_FOR_IPHONE_IPAD = NO;
				SWIFT_EMIT_LOC_STRINGS = NO;
				SWIFT_VERSION = 5.0;
				TARGETED_DEVICE_FAMILY = 1;
				TEST_HOST = "$(BUILT_PRODUCTS_DIR)/Bomb.app/$(BUNDLE_EXECUTABLE_FOLDER_PATH)/Bomb";
			};
			name = Release;
		};
/* End XCBuildConfiguration section */

/* Begin XCConfigurationList section */
		75F605132A8015D400A65218 /* Build configuration list for PBXProject "Bomb" */ = {
			isa = XCConfigurationList;
			buildConfigurations = (
				75F605242A8015D500A65218 /* Debug */,
				75F605252A8015D500A65218 /* Release */,
			);
			defaultConfigurationIsVisible = 0;
			defaultConfigurationName = Release;
		};
		75F605262A8015D500A65218 /* Build configuration list for PBXNativeTarget "Bomb" */ = {
			isa = XCConfigurationList;
			buildConfigurations = (
				75F605272A8015D500A65218 /* Debug */,
				75F605282A8015D500A65218 /* Release */,
			);
			defaultConfigurationIsVisible = 0;
			defaultConfigurationName = Release;
		};
		865E46DB2A81778D00B26707 /* Build configuration list for PBXNativeTarget "BombTests" */ = {
			isa = XCConfigurationList;
			buildConfigurations = (
				865E46DC2A81778D00B26707 /* Debug */,
				865E46DD2A81778D00B26707 /* Release */,
			);
			defaultConfigurationIsVisible = 0;
			defaultConfigurationName = Release;
		};
/* End XCConfigurationList section */

/* Begin XCRemoteSwiftPackageReference section */
		86A324F82A81717F0031B71D /* XCRemoteSwiftPackageReference "lottie-ios" */ = {
			isa = XCRemoteSwiftPackageReference;
			repositoryURL = "https://github.com/airbnb/lottie-ios";
			requirement = {
				kind = upToNextMajorVersion;
				minimumVersion = 4.2.0;
			};
		};
/* End XCRemoteSwiftPackageReference section */

/* Begin XCSwiftPackageProductDependency section */
		86A324F92A81717F0031B71D /* Lottie */ = {
			isa = XCSwiftPackageProductDependency;
			package = 86A324F82A81717F0031B71D /* XCRemoteSwiftPackageReference "lottie-ios" */;
			productName = Lottie;
		};
/* End XCSwiftPackageProductDependency section */
	};
	rootObject = 75F605102A8015D400A65218 /* Project object */;
}
